// !$*UTF8*$!
{
	archiveVersion = 1;
	classes = {
	};
	objectVersion = 46;
	objects = {

/* Begin PBXBuildFile section */
		7D28DAF21BA0153400EED6A8 /* ModifyViewController.m in Sources */ = {isa = PBXBuildFile; fileRef = 7D28DAF01BA0153400EED6A8 /* ModifyViewController.m */; };
		7D28DAF31BA0153400EED6A8 /* ModifyViewController.xib in Resources */ = {isa = PBXBuildFile; fileRef = 7D28DAF11BA0153400EED6A8 /* ModifyViewController.xib */; };
		7D28DAF81BA15C3400EED6A8 /* FeedBackViewController.m in Sources */ = {isa = PBXBuildFile; fileRef = 7D28DAF61BA15C3400EED6A8 /* FeedBackViewController.m */; };
		7D28DAF91BA15C3400EED6A8 /* FeedBackViewController.xib in Resources */ = {isa = PBXBuildFile; fileRef = 7D28DAF71BA15C3400EED6A8 /* FeedBackViewController.xib */; };
		7D28DAFC1BA2A3DB00EED6A8 /* BlueToothUtil.m in Sources */ = {isa = PBXBuildFile; fileRef = 7D28DAFB1BA2A3DB00EED6A8 /* BlueToothUtil.m */; };
		7D2F95E21B8B0CBF00A8CE8A /* LoginViewController.m in Sources */ = {isa = PBXBuildFile; fileRef = 7D2F95E01B8B0CBF00A8CE8A /* LoginViewController.m */; };
		7D2F95E31B8B0CBF00A8CE8A /* LoginViewController.xib in Resources */ = {isa = PBXBuildFile; fileRef = 7D2F95E11B8B0CBF00A8CE8A /* LoginViewController.xib */; };
		7D3279DD1BC8F0AF00F91566 /* police.png in Resources */ = {isa = PBXBuildFile; fileRef = 7D3279DC1BC8F0AF00F91566 /* police.png */; };
		7D357C321B87181C001024A4 /* HomePageTableViewCell.m in Sources */ = {isa = PBXBuildFile; fileRef = 7D357C301B87181C001024A4 /* HomePageTableViewCell.m */; };
		7D357C331B87181C001024A4 /* HomePageTableViewCell.xib in Resources */ = {isa = PBXBuildFile; fileRef = 7D357C311B87181C001024A4 /* HomePageTableViewCell.xib */; };
		7D357C351B872299001024A4 /* RIghtViewController.xib in Resources */ = {isa = PBXBuildFile; fileRef = 7D357C341B872299001024A4 /* RIghtViewController.xib */; };
		7D3981901BC003E70017806B /* DaylyDataViewController.m in Sources */ = {isa = PBXBuildFile; fileRef = 7D39818E1BC003E70017806B /* DaylyDataViewController.m */; };
		7D3981911BC003E70017806B /* DaylyDataViewController.xib in Resources */ = {isa = PBXBuildFile; fileRef = 7D39818F1BC003E70017806B /* DaylyDataViewController.xib */; };
		7D8572811B9E8B5A00A33803 /* TableViewCell2.m in Sources */ = {isa = PBXBuildFile; fileRef = 7D85727F1B9E8B5A00A33803 /* TableViewCell2.m */; };
		7D8572821B9E8B5A00A33803 /* TableViewCell2.xib in Resources */ = {isa = PBXBuildFile; fileRef = 7D8572801B9E8B5A00A33803 /* TableViewCell2.xib */; };
		7D8572851B9EAEC100A33803 /* UserUtil.m in Sources */ = {isa = PBXBuildFile; fileRef = 7D8572841B9EAEC100A33803 /* UserUtil.m */; };
		7D8AA3AD1BAD8A60002E265C /* FeedBackListViewController.m in Sources */ = {isa = PBXBuildFile; fileRef = 7D8AA3AB1BAD8A60002E265C /* FeedBackListViewController.m */; };
		7D8AA3AE1BAD8A60002E265C /* FeedBackListViewController.xib in Resources */ = {isa = PBXBuildFile; fileRef = 7D8AA3AC1BAD8A60002E265C /* FeedBackListViewController.xib */; };
		7D8AA3B71BAD93F9002E265C /* FeedBackDetialViewController.m in Sources */ = {isa = PBXBuildFile; fileRef = 7D8AA3B51BAD93F9002E265C /* FeedBackDetialViewController.m */; };
		7D8AA3B81BAD93F9002E265C /* FeedBackDetialViewController.xib in Resources */ = {isa = PBXBuildFile; fileRef = 7D8AA3B61BAD93F9002E265C /* FeedBackDetialViewController.xib */; };
		7D8E73B31BD5E5FA00648A4E /* voice.jpg in Resources */ = {isa = PBXBuildFile; fileRef = 7D8E73B21BD5E5FA00648A4E /* voice.jpg */; };
		7D93E9FB1BABF2C200750FEB /* UpdatePasswdViewController.m in Sources */ = {isa = PBXBuildFile; fileRef = 7D93E9F91BABF2C200750FEB /* UpdatePasswdViewController.m */; };
		7D93E9FC1BABF2C200750FEB /* UpdatePasswdViewController.xib in Resources */ = {isa = PBXBuildFile; fileRef = 7D93E9FA1BABF2C200750FEB /* UpdatePasswdViewController.xib */; };
		7DA8D6261BEAF93100B35E8B /* police1.png in Resources */ = {isa = PBXBuildFile; fileRef = 7DA8D6251BEAF93100B35E8B /* police1.png */; };
		7DA8D6281BEB35EF00B35E8B /* notSelect.png in Resources */ = {isa = PBXBuildFile; fileRef = 7DA8D6271BEB35EF00B35E8B /* notSelect.png */; };
		7DA8D62A1BEB35FA00B35E8B /* select.png in Resources */ = {isa = PBXBuildFile; fileRef = 7DA8D6291BEB35FA00B35E8B /* select.png */; };
		7DAA2AC41B9BE4460017CD12 /* RequestUtil.m in Sources */ = {isa = PBXBuildFile; fileRef = 7DAA2AC31B9BE4460017CD12 /* RequestUtil.m */; };
		7DC718E01B855B090068253C /* main.m in Sources */ = {isa = PBXBuildFile; fileRef = 7DC718DF1B855B090068253C /* main.m */; };
		7DC718E31B855B090068253C /* AppDelegate.m in Sources */ = {isa = PBXBuildFile; fileRef = 7DC718E21B855B090068253C /* AppDelegate.m */; };
		7DC718E61B855B090068253C /* MotionMeasurement.xcdatamodeld in Sources */ = {isa = PBXBuildFile; fileRef = 7DC718E41B855B090068253C /* MotionMeasurement.xcdatamodeld */; };
		7DC718EE1B855B090068253C /* Images.xcassets in Resources */ = {isa = PBXBuildFile; fileRef = 7DC718ED1B855B090068253C /* Images.xcassets */; };
		7DC718F11B855B090068253C /* LaunchScreen.xib in Resources */ = {isa = PBXBuildFile; fileRef = 7DC718EF1B855B090068253C /* LaunchScreen.xib */; };
		7DC718FD1B855B090068253C /* MotionMeasurementTests.m in Sources */ = {isa = PBXBuildFile; fileRef = 7DC718FC1B855B090068253C /* MotionMeasurementTests.m */; };
		7DC719101B855B950068253C /* CoreDataManager.m in Sources */ = {isa = PBXBuildFile; fileRef = 7DC719091B855B950068253C /* CoreDataManager.m */; };
		7DC719131B855B950068253C /* mainView.m in Sources */ = {isa = PBXBuildFile; fileRef = 7DC7190E1B855B950068253C /* mainView.m */; };
		7DC719181B855BA90068253C /* BlueToothSetViewController.m in Sources */ = {isa = PBXBuildFile; fileRef = 7DC719161B855BA90068253C /* BlueToothSetViewController.m */; };
		7DC719191B855BA90068253C /* BlueToothSetViewController.xib in Resources */ = {isa = PBXBuildFile; fileRef = 7DC719171B855BA90068253C /* BlueToothSetViewController.xib */; };
		7DC7191F1B855E810068253C /* SliderViewController.m in Sources */ = {isa = PBXBuildFile; fileRef = 7DC7191E1B855E810068253C /* SliderViewController.m */; };
		7DC719241B85618E0068253C /* LeftViewController.m in Sources */ = {isa = PBXBuildFile; fileRef = 7DC719211B85618E0068253C /* LeftViewController.m */; };
		7DC719251B85618E0068253C /* RightViewController.m in Sources */ = {isa = PBXBuildFile; fileRef = 7DC719231B85618E0068253C /* RightViewController.m */; };
		7DC7192E1B85680B0068253C /* HomeViewController.m in Sources */ = {isa = PBXBuildFile; fileRef = 7DC7192C1B85680B0068253C /* HomeViewController.m */; };
		7DC7192F1B85680B0068253C /* HomeViewController.xib in Resources */ = {isa = PBXBuildFile; fileRef = 7DC7192D1B85680B0068253C /* HomeViewController.xib */; };
		7DC7C5881BCE77E500677469 /* FMDatabase.m in Sources */ = {isa = PBXBuildFile; fileRef = 7DC7C57F1BCE77E500677469 /* FMDatabase.m */; };
		7DC7C5891BCE77E500677469 /* FMDatabaseAdditions.m in Sources */ = {isa = PBXBuildFile; fileRef = 7DC7C5811BCE77E500677469 /* FMDatabaseAdditions.m */; };
		7DC7C58A1BCE77E500677469 /* FMDatabasePool.m in Sources */ = {isa = PBXBuildFile; fileRef = 7DC7C5831BCE77E500677469 /* FMDatabasePool.m */; };
		7DC7C58B1BCE77E500677469 /* FMDatabaseQueue.m in Sources */ = {isa = PBXBuildFile; fileRef = 7DC7C5851BCE77E500677469 /* FMDatabaseQueue.m */; };
		7DC7C58C1BCE77E500677469 /* FMResultSet.m in Sources */ = {isa = PBXBuildFile; fileRef = 7DC7C5871BCE77E500677469 /* FMResultSet.m */; };
		7DC7C58E1BCE789800677469 /* libsqlite3.tbd in Frameworks */ = {isa = PBXBuildFile; fileRef = 7DC7C58D1BCE789800677469 /* libsqlite3.tbd */; };
		7DC7C5911BCE78CB00677469 /* SqlRequestUtil.m in Sources */ = {isa = PBXBuildFile; fileRef = 7DC7C5901BCE78CB00677469 /* SqlRequestUtil.m */; };
		7DC7C6271BD0A10B00677469 /* photoMaskHigh.png in Resources */ = {isa = PBXBuildFile; fileRef = 7DC7C6091BD0A10B00677469 /* photoMaskHigh.png */; };
		7DC7C6281BD0A10B00677469 /* photoMaskHigh@2x.png in Resources */ = {isa = PBXBuildFile; fileRef = 7DC7C60A1BD0A10B00677469 /* photoMaskHigh@2x.png */; };
		7DC7C6291BD0A10B00677469 /* photoMaskNormal.png in Resources */ = {isa = PBXBuildFile; fileRef = 7DC7C60B1BD0A10B00677469 /* photoMaskNormal.png */; };
		7DC7C62A1BD0A10B00677469 /* photoMaskNormal@2x.png in Resources */ = {isa = PBXBuildFile; fileRef = 7DC7C60C1BD0A10B00677469 /* photoMaskNormal@2x.png */; };
		7DC7C62B1BD0A10B00677469 /* selectPhoto.png in Resources */ = {isa = PBXBuildFile; fileRef = 7DC7C60D1BD0A10B00677469 /* selectPhoto.png */; };
		7DC7C62C1BD0A10B00677469 /* selectPhoto@2x.png in Resources */ = {isa = PBXBuildFile; fileRef = 7DC7C60E1BD0A10B00677469 /* selectPhoto@2x.png */; };
		7DC7C62D1BD0A10B00677469 /* singleSelect.png in Resources */ = {isa = PBXBuildFile; fileRef = 7DC7C60F1BD0A10B00677469 /* singleSelect.png */; };
		7DC7C62E1BD0A10B00677469 /* singleSelect@2x.png in Resources */ = {isa = PBXBuildFile; fileRef = 7DC7C6101BD0A10B00677469 /* singleSelect@2x.png */; };
		7DC7C62F1BD0A10B00677469 /* takePhotoHigh@2x.png in Resources */ = {isa = PBXBuildFile; fileRef = 7DC7C6111BD0A10B00677469 /* takePhotoHigh@2x.png */; };
		7DC7C6301BD0A10B00677469 /* takePhotoNormal@2x.png in Resources */ = {isa = PBXBuildFile; fileRef = 7DC7C6121BD0A10B00677469 /* takePhotoNormal@2x.png */; };
		7DC7C6311BD0A10B00677469 /* unSelectPhoto.png in Resources */ = {isa = PBXBuildFile; fileRef = 7DC7C6131BD0A10B00677469 /* unSelectPhoto.png */; };
		7DC7C6321BD0A10B00677469 /* unSelectPhoto@2x.png in Resources */ = {isa = PBXBuildFile; fileRef = 7DC7C6141BD0A10B00677469 /* unSelectPhoto@2x.png */; };
		7DC7C6331BD0A10B00677469 /* HUDCustomView.m in Sources */ = {isa = PBXBuildFile; fileRef = 7DC7C6161BD0A10B00677469 /* HUDCustomView.m */; };
		7DC7C6341BD0A10B00677469 /* NetHttpActivity.m in Sources */ = {isa = PBXBuildFile; fileRef = 7DC7C6181BD0A10B00677469 /* NetHttpActivity.m */; };
		7DC7C6351BD0A10B00677469 /* QSAssetCommonRowCell.m in Sources */ = {isa = PBXBuildFile; fileRef = 7DC7C61A1BD0A10B00677469 /* QSAssetCommonRowCell.m */; };
		7DC7C6361BD0A10B00677469 /* QSAssetLibraryViewController.m in Sources */ = {isa = PBXBuildFile; fileRef = 7DC7C61C1BD0A10B00677469 /* QSAssetLibraryViewController.m */; };
		7DC7C6371BD0A10B00677469 /* QSAssetLibraSelectPhotoViewController.m in Sources */ = {isa = PBXBuildFile; fileRef = 7DC7C61E1BD0A10B00677469 /* QSAssetLibraSelectPhotoViewController.m */; };
		7DC7C6381BD0A10B00677469 /* QSImageCropViewController.m in Sources */ = {isa = PBXBuildFile; fileRef = 7DC7C6201BD0A10B00677469 /* QSImageCropViewController.m */; };
		7DC7C6391BD0A10B00677469 /* UIColor+extended.m in Sources */ = {isa = PBXBuildFile; fileRef = 7DC7C6221BD0A10B00677469 /* UIColor+extended.m */; };
		7DC7C63A1BD0A10B00677469 /* UIImage+RenderedImage.m in Sources */ = {isa = PBXBuildFile; fileRef = 7DC7C6241BD0A10B00677469 /* UIImage+RenderedImage.m */; };
		7DC7C65A1BD0A12D00677469 /* NSData+ImageContentType.m in Sources */ = {isa = PBXBuildFile; fileRef = 7DC7C63E1BD0A12D00677469 /* NSData+ImageContentType.m */; };
		7DC7C65B1BD0A12D00677469 /* SDImageCache.m in Sources */ = {isa = PBXBuildFile; fileRef = 7DC7C6401BD0A12D00677469 /* SDImageCache.m */; };
		7DC7C65C1BD0A12D00677469 /* SDWebImageCompat.m in Sources */ = {isa = PBXBuildFile; fileRef = 7DC7C6421BD0A12D00677469 /* SDWebImageCompat.m */; };
		7DC7C65D1BD0A12D00677469 /* SDWebImageDecoder.m in Sources */ = {isa = PBXBuildFile; fileRef = 7DC7C6441BD0A12D00677469 /* SDWebImageDecoder.m */; };
		7DC7C65E1BD0A12D00677469 /* SDWebImageDownloader.m in Sources */ = {isa = PBXBuildFile; fileRef = 7DC7C6461BD0A12D00677469 /* SDWebImageDownloader.m */; };
		7DC7C65F1BD0A12D00677469 /* SDWebImageDownloaderOperation.m in Sources */ = {isa = PBXBuildFile; fileRef = 7DC7C6481BD0A12D00677469 /* SDWebImageDownloaderOperation.m */; };
		7DC7C6601BD0A12D00677469 /* SDWebImageManager.m in Sources */ = {isa = PBXBuildFile; fileRef = 7DC7C64A1BD0A12D00677469 /* SDWebImageManager.m */; };
		7DC7C6611BD0A12D00677469 /* SDWebImagePrefetcher.m in Sources */ = {isa = PBXBuildFile; fileRef = 7DC7C64D1BD0A12D00677469 /* SDWebImagePrefetcher.m */; };
		7DC7C6621BD0A12D00677469 /* UIButton+WebCache.m in Sources */ = {isa = PBXBuildFile; fileRef = 7DC7C64F1BD0A12D00677469 /* UIButton+WebCache.m */; };
		7DC7C6631BD0A12D00677469 /* UIImage+GIF.m in Sources */ = {isa = PBXBuildFile; fileRef = 7DC7C6511BD0A12D00677469 /* UIImage+GIF.m */; };
		7DC7C6641BD0A12D00677469 /* UIImage+MultiFormat.m in Sources */ = {isa = PBXBuildFile; fileRef = 7DC7C6531BD0A12D00677469 /* UIImage+MultiFormat.m */; };
		7DC7C6651BD0A12D00677469 /* UIImageView+HighlightedWebCache.m in Sources */ = {isa = PBXBuildFile; fileRef = 7DC7C6551BD0A12D00677469 /* UIImageView+HighlightedWebCache.m */; };
		7DC7C6661BD0A12D00677469 /* UIImageView+WebCache.m in Sources */ = {isa = PBXBuildFile; fileRef = 7DC7C6571BD0A12D00677469 /* UIImageView+WebCache.m */; };
		7DC7C6671BD0A12D00677469 /* UIView+WebCacheOperation.m in Sources */ = {isa = PBXBuildFile; fileRef = 7DC7C6591BD0A12D00677469 /* UIView+WebCacheOperation.m */; };
		7DC7C66E1BD0A20700677469 /* UIImage+ImageEffects.m in Sources */ = {isa = PBXBuildFile; fileRef = 7DC7C6691BD0A20700677469 /* UIImage+ImageEffects.m */; };
		7DC7C66F1BD0A20700677469 /* UIImage+Scaling.m in Sources */ = {isa = PBXBuildFile; fileRef = 7DC7C66B1BD0A20700677469 /* UIImage+Scaling.m */; };
		7DC7C6731BD0A2A500677469 /* AECAbstractViewController.m in Sources */ = {isa = PBXBuildFile; fileRef = 7DC7C6721BD0A2A500677469 /* AECAbstractViewController.m */; };
		7DCD38B41BF342C300E979C7 /* xPhotoViewController.m in Sources */ = {isa = PBXBuildFile; fileRef = 7DCD38A11BF342C300E979C7 /* xPhotoViewController.m */; };
		7DCD38B51BF342C300E979C7 /* Contents.json in Resources */ = {isa = PBXBuildFile; fileRef = 7DCD38A41BF342C300E979C7 /* Contents.json */; };
		7DCD38B61BF342C300E979C7 /* delete_photo@2x.png in Resources */ = {isa = PBXBuildFile; fileRef = 7DCD38A51BF342C300E979C7 /* delete_photo@2x.png */; };
		7DCD38B71BF342C300E979C7 /* delete_photo@3x.png in Resources */ = {isa = PBXBuildFile; fileRef = 7DCD38A61BF342C300E979C7 /* delete_photo@3x.png */; };
		7DCD38B81BF342C300E979C7 /* Contents.json in Resources */ = {isa = PBXBuildFile; fileRef = 7DCD38A81BF342C300E979C7 /* Contents.json */; };
		7DCD38B91BF342C300E979C7 /* return-icon@2x.png in Resources */ = {isa = PBXBuildFile; fileRef = 7DCD38A91BF342C300E979C7 /* return-icon@2x.png */; };
		7DCD38BA1BF342C300E979C7 /* return-icon@3x.png in Resources */ = {isa = PBXBuildFile; fileRef = 7DCD38AA1BF342C300E979C7 /* return-icon@3x.png */; };
		7DCD38BC1BF342C300E979C7 /* UIImage+Util.m in Sources */ = {isa = PBXBuildFile; fileRef = 7DCD38AE1BF342C300E979C7 /* UIImage+Util.m */; };
		7DCD38BD1BF342C300E979C7 /* UIView+StringTag.m in Sources */ = {isa = PBXBuildFile; fileRef = 7DCD38B01BF342C300E979C7 /* UIView+StringTag.m */; };
		7DCD38BE1BF342C300E979C7 /* XPhotoView.m in Sources */ = {isa = PBXBuildFile; fileRef = 7DCD38B21BF342C300E979C7 /* XPhotoView.m */; };
		7DD4B8B81BAEF7EE00947974 /* EveryDataUtil.m in Sources */ = {isa = PBXBuildFile; fileRef = 7DD4B8B71BAEF7EE00947974 /* EveryDataUtil.m */; };
		7DD510FE1BBFFD56001B8370 /* MBProgressHUD+Util.m in Sources */ = {isa = PBXBuildFile; fileRef = 7DD510FD1BBFFD56001B8370 /* MBProgressHUD+Util.m */; };
		7DD511011BBFFE35001B8370 /* MBProgressHUD.m in Sources */ = {isa = PBXBuildFile; fileRef = 7DD510FF1BBFFE35001B8370 /* MBProgressHUD.m */; };
		7DD5CFFF1BCA3C23009ED0FB /* left.png in Resources */ = {isa = PBXBuildFile; fileRef = 7DD5CFFE1BCA3C23009ED0FB /* left.png */; };
		7DD872C71BA3190C001323BC /* BlueToothTableViewCell.m in Sources */ = {isa = PBXBuildFile; fileRef = 7DD872C51BA3190C001323BC /* BlueToothTableViewCell.m */; };
		7DD872C81BA3190C001323BC /* BlueToothTableViewCell.xib in Resources */ = {isa = PBXBuildFile; fileRef = 7DD872C61BA3190C001323BC /* BlueToothTableViewCell.xib */; };
		7DD89E141B9D338500037C75 /* RegisterViewController.m in Sources */ = {isa = PBXBuildFile; fileRef = 7DD89E121B9D338500037C75 /* RegisterViewController.m */; };
		7DD89E151B9D338500037C75 /* RegisterViewController.xib in Resources */ = {isa = PBXBuildFile; fileRef = 7DD89E131B9D338500037C75 /* RegisterViewController.xib */; };
		7DD89E191B9D69BC00037C75 /* TableViewCell1.m in Sources */ = {isa = PBXBuildFile; fileRef = 7DD89E171B9D69BC00037C75 /* TableViewCell1.m */; };
		7DD89E1A1B9D69BC00037C75 /* TableViewCell1.xib in Resources */ = {isa = PBXBuildFile; fileRef = 7DD89E181B9D69BC00037C75 /* TableViewCell1.xib */; };
		7DE42F7A1BDF5C2600EA4DE8 /* record.jpg in Resources */ = {isa = PBXBuildFile; fileRef = 7DE42F791BDF5C2600EA4DE8 /* record.jpg */; };
		7DEF2A451BD4C4EB007D4BE2 /* AVFoundation.framework in Frameworks */ = {isa = PBXBuildFile; fileRef = 7DEF2A441BD4C4EB007D4BE2 /* AVFoundation.framework */; };
		7DEF2A471BD4C668007D4BE2 /* CoreAudio.framework in Frameworks */ = {isa = PBXBuildFile; fileRef = 7DEF2A461BD4C668007D4BE2 /* CoreAudio.framework */; };
		7DF978C31BA2B08A00D4B84D /* AFHTTPRequestOperation.m in Sources */ = {isa = PBXBuildFile; fileRef = 7DF978B11BA2B08A00D4B84D /* AFHTTPRequestOperation.m */; };
		7DF978C41BA2B08A00D4B84D /* AFHTTPRequestOperationManager.m in Sources */ = {isa = PBXBuildFile; fileRef = 7DF978B31BA2B08A00D4B84D /* AFHTTPRequestOperationManager.m */; };
		7DF978C51BA2B08A00D4B84D /* AFHTTPSessionManager.m in Sources */ = {isa = PBXBuildFile; fileRef = 7DF978B51BA2B08A00D4B84D /* AFHTTPSessionManager.m */; };
		7DF978C61BA2B08A00D4B84D /* AFNetworkReachabilityManager.m in Sources */ = {isa = PBXBuildFile; fileRef = 7DF978B81BA2B08A00D4B84D /* AFNetworkReachabilityManager.m */; };
		7DF978C71BA2B08A00D4B84D /* AFSecurityPolicy.m in Sources */ = {isa = PBXBuildFile; fileRef = 7DF978BA1BA2B08A00D4B84D /* AFSecurityPolicy.m */; };
		7DF978C81BA2B08A00D4B84D /* AFURLConnectionOperation.m in Sources */ = {isa = PBXBuildFile; fileRef = 7DF978BC1BA2B08A00D4B84D /* AFURLConnectionOperation.m */; };
		7DF978C91BA2B08A00D4B84D /* AFURLRequestSerialization.m in Sources */ = {isa = PBXBuildFile; fileRef = 7DF978BE1BA2B08A00D4B84D /* AFURLRequestSerialization.m */; };
		7DF978CA1BA2B08A00D4B84D /* AFURLResponseSerialization.m in Sources */ = {isa = PBXBuildFile; fileRef = 7DF978C01BA2B08A00D4B84D /* AFURLResponseSerialization.m */; };
		7DF978CB1BA2B08A00D4B84D /* AFURLSessionManager.m in Sources */ = {isa = PBXBuildFile; fileRef = 7DF978C21BA2B08A00D4B84D /* AFURLSessionManager.m */; };
		7DF978CE1BA2B0AD00D4B84D /* Reachability.m in Sources */ = {isa = PBXBuildFile; fileRef = 7DF978CD1BA2B0AD00D4B84D /* Reachability.m */; settings = {COMPILER_FLAGS = "-fno-objc-arc"; }; };
/* End PBXBuildFile section */

/* Begin PBXContainerItemProxy section */
		7DC718F71B855B090068253C /* PBXContainerItemProxy */ = {
			isa = PBXContainerItemProxy;
			containerPortal = 7DC718D21B855B090068253C /* Project object */;
			proxyType = 1;
			remoteGlobalIDString = 7DC718D91B855B090068253C;
			remoteInfo = MotionMeasurement;
		};
/* End PBXContainerItemProxy section */

/* Begin PBXFileReference section */
		7D28DAEF1BA0153400EED6A8 /* ModifyViewController.h */ = {isa = PBXFileReference; fileEncoding = 4; lastKnownFileType = sourcecode.c.h; path = ModifyViewController.h; sourceTree = "<group>"; };
		7D28DAF01BA0153400EED6A8 /* ModifyViewController.m */ = {isa = PBXFileReference; fileEncoding = 4; lastKnownFileType = sourcecode.c.objc; path = ModifyViewController.m; sourceTree = "<group>"; };
		7D28DAF11BA0153400EED6A8 /* ModifyViewController.xib */ = {isa = PBXFileReference; fileEncoding = 4; lastKnownFileType = file.xib; path = ModifyViewController.xib; sourceTree = "<group>"; };
		7D28DAF51BA15C3400EED6A8 /* FeedBackViewController.h */ = {isa = PBXFileReference; fileEncoding = 4; lastKnownFileType = sourcecode.c.h; path = FeedBackViewController.h; sourceTree = "<group>"; };
		7D28DAF61BA15C3400EED6A8 /* FeedBackViewController.m */ = {isa = PBXFileReference; fileEncoding = 4; lastKnownFileType = sourcecode.c.objc; path = FeedBackViewController.m; sourceTree = "<group>"; };
		7D28DAF71BA15C3400EED6A8 /* FeedBackViewController.xib */ = {isa = PBXFileReference; fileEncoding = 4; lastKnownFileType = file.xib; path = FeedBackViewController.xib; sourceTree = "<group>"; };
		7D28DAFA1BA2A3DB00EED6A8 /* BlueToothUtil.h */ = {isa = PBXFileReference; fileEncoding = 4; lastKnownFileType = sourcecode.c.h; path = BlueToothUtil.h; sourceTree = "<group>"; };
		7D28DAFB1BA2A3DB00EED6A8 /* BlueToothUtil.m */ = {isa = PBXFileReference; fileEncoding = 4; lastKnownFileType = sourcecode.c.objc; path = BlueToothUtil.m; sourceTree = "<group>"; };
		7D2F95DF1B8B0CBF00A8CE8A /* LoginViewController.h */ = {isa = PBXFileReference; fileEncoding = 4; lastKnownFileType = sourcecode.c.h; path = LoginViewController.h; sourceTree = "<group>"; };
		7D2F95E01B8B0CBF00A8CE8A /* LoginViewController.m */ = {isa = PBXFileReference; fileEncoding = 4; lastKnownFileType = sourcecode.c.objc; path = LoginViewController.m; sourceTree = "<group>"; };
		7D2F95E11B8B0CBF00A8CE8A /* LoginViewController.xib */ = {isa = PBXFileReference; fileEncoding = 4; lastKnownFileType = file.xib; path = LoginViewController.xib; sourceTree = "<group>"; };
		7D3279DC1BC8F0AF00F91566 /* police.png */ = {isa = PBXFileReference; lastKnownFileType = image.png; path = police.png; sourceTree = "<group>"; };
		7D357C2F1B87181C001024A4 /* HomePageTableViewCell.h */ = {isa = PBXFileReference; fileEncoding = 4; lastKnownFileType = sourcecode.c.h; path = HomePageTableViewCell.h; sourceTree = "<group>"; };
		7D357C301B87181C001024A4 /* HomePageTableViewCell.m */ = {isa = PBXFileReference; fileEncoding = 4; lastKnownFileType = sourcecode.c.objc; path = HomePageTableViewCell.m; sourceTree = "<group>"; };
		7D357C311B87181C001024A4 /* HomePageTableViewCell.xib */ = {isa = PBXFileReference; fileEncoding = 4; lastKnownFileType = file.xib; path = HomePageTableViewCell.xib; sourceTree = "<group>"; };
		7D357C341B872299001024A4 /* RIghtViewController.xib */ = {isa = PBXFileReference; fileEncoding = 4; lastKnownFileType = file.xib; path = RIghtViewController.xib; sourceTree = "<group>"; };
		7D39818D1BC003E70017806B /* DaylyDataViewController.h */ = {isa = PBXFileReference; fileEncoding = 4; lastKnownFileType = sourcecode.c.h; path = DaylyDataViewController.h; sourceTree = "<group>"; };
		7D39818E1BC003E70017806B /* DaylyDataViewController.m */ = {isa = PBXFileReference; fileEncoding = 4; lastKnownFileType = sourcecode.c.objc; path = DaylyDataViewController.m; sourceTree = "<group>"; };
		7D39818F1BC003E70017806B /* DaylyDataViewController.xib */ = {isa = PBXFileReference; fileEncoding = 4; lastKnownFileType = file.xib; path = DaylyDataViewController.xib; sourceTree = "<group>"; };
		7D85727E1B9E8B5A00A33803 /* TableViewCell2.h */ = {isa = PBXFileReference; fileEncoding = 4; lastKnownFileType = sourcecode.c.h; path = TableViewCell2.h; sourceTree = "<group>"; };
		7D85727F1B9E8B5A00A33803 /* TableViewCell2.m */ = {isa = PBXFileReference; fileEncoding = 4; lastKnownFileType = sourcecode.c.objc; path = TableViewCell2.m; sourceTree = "<group>"; };
		7D8572801B9E8B5A00A33803 /* TableViewCell2.xib */ = {isa = PBXFileReference; fileEncoding = 4; lastKnownFileType = file.xib; path = TableViewCell2.xib; sourceTree = "<group>"; };
		7D8572831B9EAEC100A33803 /* UserUtil.h */ = {isa = PBXFileReference; fileEncoding = 4; lastKnownFileType = sourcecode.c.h; path = UserUtil.h; sourceTree = "<group>"; };
		7D8572841B9EAEC100A33803 /* UserUtil.m */ = {isa = PBXFileReference; fileEncoding = 4; lastKnownFileType = sourcecode.c.objc; path = UserUtil.m; sourceTree = "<group>"; };
		7D8AA3AA1BAD8A60002E265C /* FeedBackListViewController.h */ = {isa = PBXFileReference; fileEncoding = 4; lastKnownFileType = sourcecode.c.h; path = FeedBackListViewController.h; sourceTree = "<group>"; };
		7D8AA3AB1BAD8A60002E265C /* FeedBackListViewController.m */ = {isa = PBXFileReference; fileEncoding = 4; lastKnownFileType = sourcecode.c.objc; path = FeedBackListViewController.m; sourceTree = "<group>"; };
		7D8AA3AC1BAD8A60002E265C /* FeedBackListViewController.xib */ = {isa = PBXFileReference; fileEncoding = 4; lastKnownFileType = file.xib; path = FeedBackListViewController.xib; sourceTree = "<group>"; };
		7D8AA3B41BAD93F9002E265C /* FeedBackDetialViewController.h */ = {isa = PBXFileReference; fileEncoding = 4; lastKnownFileType = sourcecode.c.h; path = FeedBackDetialViewController.h; sourceTree = "<group>"; };
		7D8AA3B51BAD93F9002E265C /* FeedBackDetialViewController.m */ = {isa = PBXFileReference; fileEncoding = 4; lastKnownFileType = sourcecode.c.objc; path = FeedBackDetialViewController.m; sourceTree = "<group>"; };
		7D8AA3B61BAD93F9002E265C /* FeedBackDetialViewController.xib */ = {isa = PBXFileReference; fileEncoding = 4; lastKnownFileType = file.xib; path = FeedBackDetialViewController.xib; sourceTree = "<group>"; };
		7D8E73B21BD5E5FA00648A4E /* voice.jpg */ = {isa = PBXFileReference; lastKnownFileType = image.jpeg; path = voice.jpg; sourceTree = "<group>"; };
		7D93E9F81BABF2C200750FEB /* UpdatePasswdViewController.h */ = {isa = PBXFileReference; fileEncoding = 4; lastKnownFileType = sourcecode.c.h; path = UpdatePasswdViewController.h; sourceTree = "<group>"; };
		7D93E9F91BABF2C200750FEB /* UpdatePasswdViewController.m */ = {isa = PBXFileReference; fileEncoding = 4; lastKnownFileType = sourcecode.c.objc; path = UpdatePasswdViewController.m; sourceTree = "<group>"; };
		7D93E9FA1BABF2C200750FEB /* UpdatePasswdViewController.xib */ = {isa = PBXFileReference; fileEncoding = 4; lastKnownFileType = file.xib; path = UpdatePasswdViewController.xib; sourceTree = "<group>"; };
		7DA8D6251BEAF93100B35E8B /* police1.png */ = {isa = PBXFileReference; lastKnownFileType = image.png; path = police1.png; sourceTree = "<group>"; };
		7DA8D6271BEB35EF00B35E8B /* notSelect.png */ = {isa = PBXFileReference; lastKnownFileType = image.png; path = notSelect.png; sourceTree = "<group>"; };
		7DA8D6291BEB35FA00B35E8B /* select.png */ = {isa = PBXFileReference; lastKnownFileType = image.png; path = select.png; sourceTree = "<group>"; };
		7DAA2AC21B9BE4460017CD12 /* RequestUtil.h */ = {isa = PBXFileReference; fileEncoding = 4; lastKnownFileType = sourcecode.c.h; path = RequestUtil.h; sourceTree = "<group>"; };
		7DAA2AC31B9BE4460017CD12 /* RequestUtil.m */ = {isa = PBXFileReference; fileEncoding = 4; lastKnownFileType = sourcecode.c.objc; path = RequestUtil.m; sourceTree = "<group>"; };
		7DC718DA1B855B090068253C /* MotionMeasurement.app */ = {isa = PBXFileReference; explicitFileType = wrapper.application; includeInIndex = 0; path = MotionMeasurement.app; sourceTree = BUILT_PRODUCTS_DIR; };
		7DC718DE1B855B090068253C /* Info.plist */ = {isa = PBXFileReference; lastKnownFileType = text.plist.xml; path = Info.plist; sourceTree = "<group>"; };
		7DC718DF1B855B090068253C /* main.m */ = {isa = PBXFileReference; lastKnownFileType = sourcecode.c.objc; path = main.m; sourceTree = "<group>"; };
		7DC718E11B855B090068253C /* AppDelegate.h */ = {isa = PBXFileReference; lastKnownFileType = sourcecode.c.h; path = AppDelegate.h; sourceTree = "<group>"; };
		7DC718E21B855B090068253C /* AppDelegate.m */ = {isa = PBXFileReference; lastKnownFileType = sourcecode.c.objc; path = AppDelegate.m; sourceTree = "<group>"; };
		7DC718E51B855B090068253C /* MotionMeasurement.xcdatamodel */ = {isa = PBXFileReference; lastKnownFileType = wrapper.xcdatamodel; path = MotionMeasurement.xcdatamodel; sourceTree = "<group>"; };
		7DC718ED1B855B090068253C /* Images.xcassets */ = {isa = PBXFileReference; lastKnownFileType = folder.assetcatalog; path = Images.xcassets; sourceTree = "<group>"; };
		7DC718F01B855B090068253C /* Base */ = {isa = PBXFileReference; lastKnownFileType = file.xib; name = Base; path = Base.lproj/LaunchScreen.xib; sourceTree = "<group>"; };
		7DC718F61B855B090068253C /* MotionMeasurementTests.xctest */ = {isa = PBXFileReference; explicitFileType = wrapper.cfbundle; includeInIndex = 0; path = MotionMeasurementTests.xctest; sourceTree = BUILT_PRODUCTS_DIR; };
		7DC718FB1B855B090068253C /* Info.plist */ = {isa = PBXFileReference; lastKnownFileType = text.plist.xml; path = Info.plist; sourceTree = "<group>"; };
		7DC718FC1B855B090068253C /* MotionMeasurementTests.m */ = {isa = PBXFileReference; lastKnownFileType = sourcecode.c.objc; path = MotionMeasurementTests.m; sourceTree = "<group>"; };
		7DC719081B855B950068253C /* CoreDataManager.h */ = {isa = PBXFileReference; fileEncoding = 4; lastKnownFileType = sourcecode.c.h; path = CoreDataManager.h; sourceTree = "<group>"; };
		7DC719091B855B950068253C /* CoreDataManager.m */ = {isa = PBXFileReference; fileEncoding = 4; lastKnownFileType = sourcecode.c.objc; path = CoreDataManager.m; sourceTree = "<group>"; };
		7DC7190D1B855B950068253C /* mainView.h */ = {isa = PBXFileReference; fileEncoding = 4; lastKnownFileType = sourcecode.c.h; path = mainView.h; sourceTree = "<group>"; };
		7DC7190E1B855B950068253C /* mainView.m */ = {isa = PBXFileReference; fileEncoding = 4; lastKnownFileType = sourcecode.c.objc; path = mainView.m; sourceTree = "<group>"; };
		7DC719151B855BA90068253C /* BlueToothSetViewController.h */ = {isa = PBXFileReference; fileEncoding = 4; lastKnownFileType = sourcecode.c.h; path = BlueToothSetViewController.h; sourceTree = "<group>"; };
		7DC719161B855BA90068253C /* BlueToothSetViewController.m */ = {isa = PBXFileReference; fileEncoding = 4; lastKnownFileType = sourcecode.c.objc; path = BlueToothSetViewController.m; sourceTree = "<group>"; };
		7DC719171B855BA90068253C /* BlueToothSetViewController.xib */ = {isa = PBXFileReference; fileEncoding = 4; lastKnownFileType = file.xib; path = BlueToothSetViewController.xib; sourceTree = "<group>"; };
		7DC7191D1B855E810068253C /* SliderViewController.h */ = {isa = PBXFileReference; fileEncoding = 4; lastKnownFileType = sourcecode.c.h; path = SliderViewController.h; sourceTree = "<group>"; };
		7DC7191E1B855E810068253C /* SliderViewController.m */ = {isa = PBXFileReference; fileEncoding = 4; lastKnownFileType = sourcecode.c.objc; path = SliderViewController.m; sourceTree = "<group>"; };
		7DC719201B85618E0068253C /* LeftViewController.h */ = {isa = PBXFileReference; fileEncoding = 4; lastKnownFileType = sourcecode.c.h; path = LeftViewController.h; sourceTree = "<group>"; };
		7DC719211B85618E0068253C /* LeftViewController.m */ = {isa = PBXFileReference; fileEncoding = 4; lastKnownFileType = sourcecode.c.objc; path = LeftViewController.m; sourceTree = "<group>"; };
		7DC719221B85618E0068253C /* RightViewController.h */ = {isa = PBXFileReference; fileEncoding = 4; lastKnownFileType = sourcecode.c.h; path = RightViewController.h; sourceTree = "<group>"; };
		7DC719231B85618E0068253C /* RightViewController.m */ = {isa = PBXFileReference; fileEncoding = 4; lastKnownFileType = sourcecode.c.objc; path = RightViewController.m; sourceTree = "<group>"; };
		7DC7192B1B85680B0068253C /* HomeViewController.h */ = {isa = PBXFileReference; fileEncoding = 4; lastKnownFileType = sourcecode.c.h; path = HomeViewController.h; sourceTree = "<group>"; };
		7DC7192C1B85680B0068253C /* HomeViewController.m */ = {isa = PBXFileReference; fileEncoding = 4; lastKnownFileType = sourcecode.c.objc; path = HomeViewController.m; sourceTree = "<group>"; };
		7DC7192D1B85680B0068253C /* HomeViewController.xib */ = {isa = PBXFileReference; fileEncoding = 4; lastKnownFileType = file.xib; path = HomeViewController.xib; sourceTree = "<group>"; };
		7DC7C57D1BCE77E500677469 /* FMDB.h */ = {isa = PBXFileReference; fileEncoding = 4; lastKnownFileType = sourcecode.c.h; path = FMDB.h; sourceTree = "<group>"; };
		7DC7C57E1BCE77E500677469 /* FMDatabase.h */ = {isa = PBXFileReference; fileEncoding = 4; lastKnownFileType = sourcecode.c.h; path = FMDatabase.h; sourceTree = "<group>"; };
		7DC7C57F1BCE77E500677469 /* FMDatabase.m */ = {isa = PBXFileReference; fileEncoding = 4; lastKnownFileType = sourcecode.c.objc; path = FMDatabase.m; sourceTree = "<group>"; };
		7DC7C5801BCE77E500677469 /* FMDatabaseAdditions.h */ = {isa = PBXFileReference; fileEncoding = 4; lastKnownFileType = sourcecode.c.h; path = FMDatabaseAdditions.h; sourceTree = "<group>"; };
		7DC7C5811BCE77E500677469 /* FMDatabaseAdditions.m */ = {isa = PBXFileReference; fileEncoding = 4; lastKnownFileType = sourcecode.c.objc; path = FMDatabaseAdditions.m; sourceTree = "<group>"; };
		7DC7C5821BCE77E500677469 /* FMDatabasePool.h */ = {isa = PBXFileReference; fileEncoding = 4; lastKnownFileType = sourcecode.c.h; path = FMDatabasePool.h; sourceTree = "<group>"; };
		7DC7C5831BCE77E500677469 /* FMDatabasePool.m */ = {isa = PBXFileReference; fileEncoding = 4; lastKnownFileType = sourcecode.c.objc; path = FMDatabasePool.m; sourceTree = "<group>"; };
		7DC7C5841BCE77E500677469 /* FMDatabaseQueue.h */ = {isa = PBXFileReference; fileEncoding = 4; lastKnownFileType = sourcecode.c.h; path = FMDatabaseQueue.h; sourceTree = "<group>"; };
		7DC7C5851BCE77E500677469 /* FMDatabaseQueue.m */ = {isa = PBXFileReference; fileEncoding = 4; lastKnownFileType = sourcecode.c.objc; path = FMDatabaseQueue.m; sourceTree = "<group>"; };
		7DC7C5861BCE77E500677469 /* FMResultSet.h */ = {isa = PBXFileReference; fileEncoding = 4; lastKnownFileType = sourcecode.c.h; path = FMResultSet.h; sourceTree = "<group>"; };
		7DC7C5871BCE77E500677469 /* FMResultSet.m */ = {isa = PBXFileReference; fileEncoding = 4; lastKnownFileType = sourcecode.c.objc; path = FMResultSet.m; sourceTree = "<group>"; };
		7DC7C58D1BCE789800677469 /* libsqlite3.tbd */ = {isa = PBXFileReference; lastKnownFileType = "sourcecode.text-based-dylib-definition"; name = libsqlite3.tbd; path = usr/lib/libsqlite3.tbd; sourceTree = SDKROOT; };
		7DC7C58F1BCE78CB00677469 /* SqlRequestUtil.h */ = {isa = PBXFileReference; fileEncoding = 4; lastKnownFileType = sourcecode.c.h; path = SqlRequestUtil.h; sourceTree = "<group>"; };
		7DC7C5901BCE78CB00677469 /* SqlRequestUtil.m */ = {isa = PBXFileReference; fileEncoding = 4; lastKnownFileType = sourcecode.c.objc; path = SqlRequestUtil.m; sourceTree = "<group>"; };
		7DC7C6091BD0A10B00677469 /* photoMaskHigh.png */ = {isa = PBXFileReference; lastKnownFileType = image.png; path = photoMaskHigh.png; sourceTree = "<group>"; };
		7DC7C60A1BD0A10B00677469 /* photoMaskHigh@2x.png */ = {isa = PBXFileReference; lastKnownFileType = image.png; path = "photoMaskHigh@2x.png"; sourceTree = "<group>"; };
		7DC7C60B1BD0A10B00677469 /* photoMaskNormal.png */ = {isa = PBXFileReference; lastKnownFileType = image.png; path = photoMaskNormal.png; sourceTree = "<group>"; };
		7DC7C60C1BD0A10B00677469 /* photoMaskNormal@2x.png */ = {isa = PBXFileReference; lastKnownFileType = image.png; path = "photoMaskNormal@2x.png"; sourceTree = "<group>"; };
		7DC7C60D1BD0A10B00677469 /* selectPhoto.png */ = {isa = PBXFileReference; lastKnownFileType = image.png; path = selectPhoto.png; sourceTree = "<group>"; };
		7DC7C60E1BD0A10B00677469 /* selectPhoto@2x.png */ = {isa = PBXFileReference; lastKnownFileType = image.png; path = "selectPhoto@2x.png"; sourceTree = "<group>"; };
		7DC7C60F1BD0A10B00677469 /* singleSelect.png */ = {isa = PBXFileReference; lastKnownFileType = image.png; path = singleSelect.png; sourceTree = "<group>"; };
		7DC7C6101BD0A10B00677469 /* singleSelect@2x.png */ = {isa = PBXFileReference; lastKnownFileType = image.png; path = "singleSelect@2x.png"; sourceTree = "<group>"; };
		7DC7C6111BD0A10B00677469 /* takePhotoHigh@2x.png */ = {isa = PBXFileReference; lastKnownFileType = image.png; path = "takePhotoHigh@2x.png"; sourceTree = "<group>"; };
		7DC7C6121BD0A10B00677469 /* takePhotoNormal@2x.png */ = {isa = PBXFileReference; lastKnownFileType = image.png; path = "takePhotoNormal@2x.png"; sourceTree = "<group>"; };
		7DC7C6131BD0A10B00677469 /* unSelectPhoto.png */ = {isa = PBXFileReference; lastKnownFileType = image.png; path = unSelectPhoto.png; sourceTree = "<group>"; };
		7DC7C6141BD0A10B00677469 /* unSelectPhoto@2x.png */ = {isa = PBXFileReference; lastKnownFileType = image.png; path = "unSelectPhoto@2x.png"; sourceTree = "<group>"; };
		7DC7C6151BD0A10B00677469 /* HUDCustomView.h */ = {isa = PBXFileReference; fileEncoding = 4; lastKnownFileType = sourcecode.c.h; path = HUDCustomView.h; sourceTree = "<group>"; };
		7DC7C6161BD0A10B00677469 /* HUDCustomView.m */ = {isa = PBXFileReference; fileEncoding = 4; lastKnownFileType = sourcecode.c.objc; path = HUDCustomView.m; sourceTree = "<group>"; };
		7DC7C6171BD0A10B00677469 /* NetHttpActivity.h */ = {isa = PBXFileReference; fileEncoding = 4; lastKnownFileType = sourcecode.c.h; path = NetHttpActivity.h; sourceTree = "<group>"; };
		7DC7C6181BD0A10B00677469 /* NetHttpActivity.m */ = {isa = PBXFileReference; fileEncoding = 4; lastKnownFileType = sourcecode.c.objc; path = NetHttpActivity.m; sourceTree = "<group>"; };
		7DC7C6191BD0A10B00677469 /* QSAssetCommonRowCell.h */ = {isa = PBXFileReference; fileEncoding = 4; lastKnownFileType = sourcecode.c.h; path = QSAssetCommonRowCell.h; sourceTree = "<group>"; };
		7DC7C61A1BD0A10B00677469 /* QSAssetCommonRowCell.m */ = {isa = PBXFileReference; fileEncoding = 4; lastKnownFileType = sourcecode.c.objc; path = QSAssetCommonRowCell.m; sourceTree = "<group>"; };
		7DC7C61B1BD0A10B00677469 /* QSAssetLibraryViewController.h */ = {isa = PBXFileReference; fileEncoding = 4; lastKnownFileType = sourcecode.c.h; path = QSAssetLibraryViewController.h; sourceTree = "<group>"; };
		7DC7C61C1BD0A10B00677469 /* QSAssetLibraryViewController.m */ = {isa = PBXFileReference; fileEncoding = 4; lastKnownFileType = sourcecode.c.objc; path = QSAssetLibraryViewController.m; sourceTree = "<group>"; };
		7DC7C61D1BD0A10B00677469 /* QSAssetLibraSelectPhotoViewController.h */ = {isa = PBXFileReference; fileEncoding = 4; lastKnownFileType = sourcecode.c.h; path = QSAssetLibraSelectPhotoViewController.h; sourceTree = "<group>"; };
		7DC7C61E1BD0A10B00677469 /* QSAssetLibraSelectPhotoViewController.m */ = {isa = PBXFileReference; fileEncoding = 4; lastKnownFileType = sourcecode.c.objc; path = QSAssetLibraSelectPhotoViewController.m; sourceTree = "<group>"; };
		7DC7C61F1BD0A10B00677469 /* QSImageCropViewController.h */ = {isa = PBXFileReference; fileEncoding = 4; lastKnownFileType = sourcecode.c.h; path = QSImageCropViewController.h; sourceTree = "<group>"; };
		7DC7C6201BD0A10B00677469 /* QSImageCropViewController.m */ = {isa = PBXFileReference; fileEncoding = 4; lastKnownFileType = sourcecode.c.objc; path = QSImageCropViewController.m; sourceTree = "<group>"; };
		7DC7C6211BD0A10B00677469 /* UIColor+extended.h */ = {isa = PBXFileReference; fileEncoding = 4; lastKnownFileType = sourcecode.c.h; path = "UIColor+extended.h"; sourceTree = "<group>"; };
		7DC7C6221BD0A10B00677469 /* UIColor+extended.m */ = {isa = PBXFileReference; fileEncoding = 4; lastKnownFileType = sourcecode.c.objc; path = "UIColor+extended.m"; sourceTree = "<group>"; };
		7DC7C6231BD0A10B00677469 /* UIImage+RenderedImage.h */ = {isa = PBXFileReference; fileEncoding = 4; lastKnownFileType = sourcecode.c.h; path = "UIImage+RenderedImage.h"; sourceTree = "<group>"; };
		7DC7C6241BD0A10B00677469 /* UIImage+RenderedImage.m */ = {isa = PBXFileReference; fileEncoding = 4; lastKnownFileType = sourcecode.c.objc; path = "UIImage+RenderedImage.m"; sourceTree = "<group>"; };
		7DC7C63D1BD0A12D00677469 /* NSData+ImageContentType.h */ = {isa = PBXFileReference; fileEncoding = 4; lastKnownFileType = sourcecode.c.h; path = "NSData+ImageContentType.h"; sourceTree = "<group>"; };
		7DC7C63E1BD0A12D00677469 /* NSData+ImageContentType.m */ = {isa = PBXFileReference; fileEncoding = 4; lastKnownFileType = sourcecode.c.objc; path = "NSData+ImageContentType.m"; sourceTree = "<group>"; };
		7DC7C63F1BD0A12D00677469 /* SDImageCache.h */ = {isa = PBXFileReference; fileEncoding = 4; lastKnownFileType = sourcecode.c.h; path = SDImageCache.h; sourceTree = "<group>"; };
		7DC7C6401BD0A12D00677469 /* SDImageCache.m */ = {isa = PBXFileReference; fileEncoding = 4; lastKnownFileType = sourcecode.c.objc; path = SDImageCache.m; sourceTree = "<group>"; };
		7DC7C6411BD0A12D00677469 /* SDWebImageCompat.h */ = {isa = PBXFileReference; fileEncoding = 4; lastKnownFileType = sourcecode.c.h; path = SDWebImageCompat.h; sourceTree = "<group>"; };
		7DC7C6421BD0A12D00677469 /* SDWebImageCompat.m */ = {isa = PBXFileReference; fileEncoding = 4; lastKnownFileType = sourcecode.c.objc; path = SDWebImageCompat.m; sourceTree = "<group>"; };
		7DC7C6431BD0A12D00677469 /* SDWebImageDecoder.h */ = {isa = PBXFileReference; fileEncoding = 4; lastKnownFileType = sourcecode.c.h; path = SDWebImageDecoder.h; sourceTree = "<group>"; };
		7DC7C6441BD0A12D00677469 /* SDWebImageDecoder.m */ = {isa = PBXFileReference; fileEncoding = 4; lastKnownFileType = sourcecode.c.objc; path = SDWebImageDecoder.m; sourceTree = "<group>"; };
		7DC7C6451BD0A12D00677469 /* SDWebImageDownloader.h */ = {isa = PBXFileReference; fileEncoding = 4; lastKnownFileType = sourcecode.c.h; path = SDWebImageDownloader.h; sourceTree = "<group>"; };
		7DC7C6461BD0A12D00677469 /* SDWebImageDownloader.m */ = {isa = PBXFileReference; fileEncoding = 4; lastKnownFileType = sourcecode.c.objc; path = SDWebImageDownloader.m; sourceTree = "<group>"; };
		7DC7C6471BD0A12D00677469 /* SDWebImageDownloaderOperation.h */ = {isa = PBXFileReference; fileEncoding = 4; lastKnownFileType = sourcecode.c.h; path = SDWebImageDownloaderOperation.h; sourceTree = "<group>"; };
		7DC7C6481BD0A12D00677469 /* SDWebImageDownloaderOperation.m */ = {isa = PBXFileReference; fileEncoding = 4; lastKnownFileType = sourcecode.c.objc; path = SDWebImageDownloaderOperation.m; sourceTree = "<group>"; };
		7DC7C6491BD0A12D00677469 /* SDWebImageManager.h */ = {isa = PBXFileReference; fileEncoding = 4; lastKnownFileType = sourcecode.c.h; path = SDWebImageManager.h; sourceTree = "<group>"; };
		7DC7C64A1BD0A12D00677469 /* SDWebImageManager.m */ = {isa = PBXFileReference; fileEncoding = 4; lastKnownFileType = sourcecode.c.objc; path = SDWebImageManager.m; sourceTree = "<group>"; };
		7DC7C64B1BD0A12D00677469 /* SDWebImageOperation.h */ = {isa = PBXFileReference; fileEncoding = 4; lastKnownFileType = sourcecode.c.h; path = SDWebImageOperation.h; sourceTree = "<group>"; };
		7DC7C64C1BD0A12D00677469 /* SDWebImagePrefetcher.h */ = {isa = PBXFileReference; fileEncoding = 4; lastKnownFileType = sourcecode.c.h; path = SDWebImagePrefetcher.h; sourceTree = "<group>"; };
		7DC7C64D1BD0A12D00677469 /* SDWebImagePrefetcher.m */ = {isa = PBXFileReference; fileEncoding = 4; lastKnownFileType = sourcecode.c.objc; path = SDWebImagePrefetcher.m; sourceTree = "<group>"; };
		7DC7C64E1BD0A12D00677469 /* UIButton+WebCache.h */ = {isa = PBXFileReference; fileEncoding = 4; lastKnownFileType = sourcecode.c.h; path = "UIButton+WebCache.h"; sourceTree = "<group>"; };
		7DC7C64F1BD0A12D00677469 /* UIButton+WebCache.m */ = {isa = PBXFileReference; fileEncoding = 4; lastKnownFileType = sourcecode.c.objc; path = "UIButton+WebCache.m"; sourceTree = "<group>"; };
		7DC7C6501BD0A12D00677469 /* UIImage+GIF.h */ = {isa = PBXFileReference; fileEncoding = 4; lastKnownFileType = sourcecode.c.h; path = "UIImage+GIF.h"; sourceTree = "<group>"; };
		7DC7C6511BD0A12D00677469 /* UIImage+GIF.m */ = {isa = PBXFileReference; fileEncoding = 4; lastKnownFileType = sourcecode.c.objc; path = "UIImage+GIF.m"; sourceTree = "<group>"; };
		7DC7C6521BD0A12D00677469 /* UIImage+MultiFormat.h */ = {isa = PBXFileReference; fileEncoding = 4; lastKnownFileType = sourcecode.c.h; path = "UIImage+MultiFormat.h"; sourceTree = "<group>"; };
		7DC7C6531BD0A12D00677469 /* UIImage+MultiFormat.m */ = {isa = PBXFileReference; fileEncoding = 4; lastKnownFileType = sourcecode.c.objc; path = "UIImage+MultiFormat.m"; sourceTree = "<group>"; };
		7DC7C6541BD0A12D00677469 /* UIImageView+HighlightedWebCache.h */ = {isa = PBXFileReference; fileEncoding = 4; lastKnownFileType = sourcecode.c.h; path = "UIImageView+HighlightedWebCache.h"; sourceTree = "<group>"; };
		7DC7C6551BD0A12D00677469 /* UIImageView+HighlightedWebCache.m */ = {isa = PBXFileReference; fileEncoding = 4; lastKnownFileType = sourcecode.c.objc; path = "UIImageView+HighlightedWebCache.m"; sourceTree = "<group>"; };
		7DC7C6561BD0A12D00677469 /* UIImageView+WebCache.h */ = {isa = PBXFileReference; fileEncoding = 4; lastKnownFileType = sourcecode.c.h; path = "UIImageView+WebCache.h"; sourceTree = "<group>"; };
		7DC7C6571BD0A12D00677469 /* UIImageView+WebCache.m */ = {isa = PBXFileReference; fileEncoding = 4; lastKnownFileType = sourcecode.c.objc; path = "UIImageView+WebCache.m"; sourceTree = "<group>"; };
		7DC7C6581BD0A12D00677469 /* UIView+WebCacheOperation.h */ = {isa = PBXFileReference; fileEncoding = 4; lastKnownFileType = sourcecode.c.h; path = "UIView+WebCacheOperation.h"; sourceTree = "<group>"; };
		7DC7C6591BD0A12D00677469 /* UIView+WebCacheOperation.m */ = {isa = PBXFileReference; fileEncoding = 4; lastKnownFileType = sourcecode.c.objc; path = "UIView+WebCacheOperation.m"; sourceTree = "<group>"; };
		7DC7C6681BD0A20700677469 /* UIImage+ImageEffects.h */ = {isa = PBXFileReference; fileEncoding = 4; lastKnownFileType = sourcecode.c.h; name = "UIImage+ImageEffects.h"; path = "AssetsLibrary/UIImage+ImageEffects.h"; sourceTree = "<group>"; };
		7DC7C6691BD0A20700677469 /* UIImage+ImageEffects.m */ = {isa = PBXFileReference; fileEncoding = 4; lastKnownFileType = sourcecode.c.objc; name = "UIImage+ImageEffects.m"; path = "AssetsLibrary/UIImage+ImageEffects.m"; sourceTree = "<group>"; };
		7DC7C66A1BD0A20700677469 /* UIImage+Scaling.h */ = {isa = PBXFileReference; fileEncoding = 4; lastKnownFileType = sourcecode.c.h; name = "UIImage+Scaling.h"; path = "AssetsLibrary/UIImage+Scaling.h"; sourceTree = "<group>"; };
		7DC7C66B1BD0A20700677469 /* UIImage+Scaling.m */ = {isa = PBXFileReference; fileEncoding = 4; lastKnownFileType = sourcecode.c.objc; name = "UIImage+Scaling.m"; path = "AssetsLibrary/UIImage+Scaling.m"; sourceTree = "<group>"; };
		7DC7C6711BD0A2A500677469 /* AECAbstractViewController.h */ = {isa = PBXFileReference; fileEncoding = 4; lastKnownFileType = sourcecode.c.h; path = AECAbstractViewController.h; sourceTree = "<group>"; };
		7DC7C6721BD0A2A500677469 /* AECAbstractViewController.m */ = {isa = PBXFileReference; fileEncoding = 4; lastKnownFileType = sourcecode.c.objc; path = AECAbstractViewController.m; sourceTree = "<group>"; };
		7DC7C6751BD0A45200677469 /* AssetConfig.h */ = {isa = PBXFileReference; fileEncoding = 4; lastKnownFileType = sourcecode.c.h; path = AssetConfig.h; sourceTree = "<group>"; };
		7DC7F8941BCCE9F600D02D6F /* MotionMeasurement.entitlements */ = {isa = PBXFileReference; lastKnownFileType = text.xml; path = MotionMeasurement.entitlements; sourceTree = "<group>"; };
		7DCD38A01BF342C300E979C7 /* xPhotoViewController.h */ = {isa = PBXFileReference; fileEncoding = 4; lastKnownFileType = sourcecode.c.h; path = xPhotoViewController.h; sourceTree = "<group>"; };
		7DCD38A11BF342C300E979C7 /* xPhotoViewController.m */ = {isa = PBXFileReference; fileEncoding = 4; lastKnownFileType = sourcecode.c.objc; path = xPhotoViewController.m; sourceTree = "<group>"; };
		7DCD38A41BF342C300E979C7 /* Contents.json */ = {isa = PBXFileReference; fileEncoding = 4; lastKnownFileType = text.json; path = Contents.json; sourceTree = "<group>"; };
		7DCD38A51BF342C300E979C7 /* delete_photo@2x.png */ = {isa = PBXFileReference; lastKnownFileType = image.png; path = "delete_photo@2x.png"; sourceTree = "<group>"; };
		7DCD38A61BF342C300E979C7 /* delete_photo@3x.png */ = {isa = PBXFileReference; lastKnownFileType = image.png; path = "delete_photo@3x.png"; sourceTree = "<group>"; };
		7DCD38A81BF342C300E979C7 /* Contents.json */ = {isa = PBXFileReference; fileEncoding = 4; lastKnownFileType = text.json; path = Contents.json; sourceTree = "<group>"; };
		7DCD38A91BF342C300E979C7 /* return-icon@2x.png */ = {isa = PBXFileReference; lastKnownFileType = image.png; path = "return-icon@2x.png"; sourceTree = "<group>"; };
		7DCD38AA1BF342C300E979C7 /* return-icon@3x.png */ = {isa = PBXFileReference; lastKnownFileType = image.png; path = "return-icon@3x.png"; sourceTree = "<group>"; };
		7DCD38AD1BF342C300E979C7 /* UIImage+Util.h */ = {isa = PBXFileReference; fileEncoding = 4; lastKnownFileType = sourcecode.c.h; path = "UIImage+Util.h"; sourceTree = "<group>"; };
		7DCD38AE1BF342C300E979C7 /* UIImage+Util.m */ = {isa = PBXFileReference; fileEncoding = 4; lastKnownFileType = sourcecode.c.objc; path = "UIImage+Util.m"; sourceTree = "<group>"; };
		7DCD38AF1BF342C300E979C7 /* UIView+StringTag.h */ = {isa = PBXFileReference; fileEncoding = 4; lastKnownFileType = sourcecode.c.h; path = "UIView+StringTag.h"; sourceTree = "<group>"; };
		7DCD38B01BF342C300E979C7 /* UIView+StringTag.m */ = {isa = PBXFileReference; fileEncoding = 4; lastKnownFileType = sourcecode.c.objc; path = "UIView+StringTag.m"; sourceTree = "<group>"; };
		7DCD38B11BF342C300E979C7 /* XPhotoView.h */ = {isa = PBXFileReference; fileEncoding = 4; lastKnownFileType = sourcecode.c.h; path = XPhotoView.h; sourceTree = "<group>"; };
		7DCD38B21BF342C300E979C7 /* XPhotoView.m */ = {isa = PBXFileReference; fileEncoding = 4; lastKnownFileType = sourcecode.c.objc; path = XPhotoView.m; sourceTree = "<group>"; };
		7DD4B8B61BAEF7EE00947974 /* EveryDataUtil.h */ = {isa = PBXFileReference; fileEncoding = 4; lastKnownFileType = sourcecode.c.h; path = EveryDataUtil.h; sourceTree = "<group>"; };
		7DD4B8B71BAEF7EE00947974 /* EveryDataUtil.m */ = {isa = PBXFileReference; fileEncoding = 4; lastKnownFileType = sourcecode.c.objc; path = EveryDataUtil.m; sourceTree = "<group>"; };
		7DD510FC1BBFFD56001B8370 /* MBProgressHUD+Util.h */ = {isa = PBXFileReference; fileEncoding = 4; lastKnownFileType = sourcecode.c.h; path = "MBProgressHUD+Util.h"; sourceTree = "<group>"; };
		7DD510FD1BBFFD56001B8370 /* MBProgressHUD+Util.m */ = {isa = PBXFileReference; fileEncoding = 4; lastKnownFileType = sourcecode.c.objc; path = "MBProgressHUD+Util.m"; sourceTree = "<group>"; };
		7DD510FF1BBFFE35001B8370 /* MBProgressHUD.m */ = {isa = PBXFileReference; fileEncoding = 4; lastKnownFileType = sourcecode.c.objc; path = MBProgressHUD.m; sourceTree = "<group>"; };
		7DD511001BBFFE35001B8370 /* MBProgressHUD.h */ = {isa = PBXFileReference; fileEncoding = 4; lastKnownFileType = sourcecode.c.h; path = MBProgressHUD.h; sourceTree = "<group>"; };
		7DD5CFFE1BCA3C23009ED0FB /* left.png */ = {isa = PBXFileReference; lastKnownFileType = image.png; path = left.png; sourceTree = "<group>"; };
		7DD872C41BA3190C001323BC /* BlueToothTableViewCell.h */ = {isa = PBXFileReference; fileEncoding = 4; lastKnownFileType = sourcecode.c.h; path = BlueToothTableViewCell.h; sourceTree = "<group>"; };
		7DD872C51BA3190C001323BC /* BlueToothTableViewCell.m */ = {isa = PBXFileReference; fileEncoding = 4; lastKnownFileType = sourcecode.c.objc; path = BlueToothTableViewCell.m; sourceTree = "<group>"; };
		7DD872C61BA3190C001323BC /* BlueToothTableViewCell.xib */ = {isa = PBXFileReference; fileEncoding = 4; lastKnownFileType = file.xib; path = BlueToothTableViewCell.xib; sourceTree = "<group>"; };
		7DD89E111B9D338500037C75 /* RegisterViewController.h */ = {isa = PBXFileReference; fileEncoding = 4; lastKnownFileType = sourcecode.c.h; path = RegisterViewController.h; sourceTree = "<group>"; };
		7DD89E121B9D338500037C75 /* RegisterViewController.m */ = {isa = PBXFileReference; fileEncoding = 4; lastKnownFileType = sourcecode.c.objc; path = RegisterViewController.m; sourceTree = "<group>"; };
		7DD89E131B9D338500037C75 /* RegisterViewController.xib */ = {isa = PBXFileReference; fileEncoding = 4; lastKnownFileType = file.xib; path = RegisterViewController.xib; sourceTree = "<group>"; };
		7DD89E161B9D69BC00037C75 /* TableViewCell1.h */ = {isa = PBXFileReference; fileEncoding = 4; lastKnownFileType = sourcecode.c.h; path = TableViewCell1.h; sourceTree = "<group>"; };
		7DD89E171B9D69BC00037C75 /* TableViewCell1.m */ = {isa = PBXFileReference; fileEncoding = 4; lastKnownFileType = sourcecode.c.objc; path = TableViewCell1.m; sourceTree = "<group>"; };
		7DD89E181B9D69BC00037C75 /* TableViewCell1.xib */ = {isa = PBXFileReference; fileEncoding = 4; lastKnownFileType = file.xib; path = TableViewCell1.xib; sourceTree = "<group>"; };
		7DE42F791BDF5C2600EA4DE8 /* record.jpg */ = {isa = PBXFileReference; lastKnownFileType = image.jpeg; path = record.jpg; sourceTree = "<group>"; };
		7DEF2A441BD4C4EB007D4BE2 /* AVFoundation.framework */ = {isa = PBXFileReference; lastKnownFileType = wrapper.framework; name = AVFoundation.framework; path = System/Library/Frameworks/AVFoundation.framework; sourceTree = SDKROOT; };
		7DEF2A461BD4C668007D4BE2 /* CoreAudio.framework */ = {isa = PBXFileReference; lastKnownFileType = wrapper.framework; name = CoreAudio.framework; path = System/Library/Frameworks/CoreAudio.framework; sourceTree = SDKROOT; };
		7DF978B01BA2B08A00D4B84D /* AFHTTPRequestOperation.h */ = {isa = PBXFileReference; fileEncoding = 4; lastKnownFileType = sourcecode.c.h; path = AFHTTPRequestOperation.h; sourceTree = "<group>"; };
		7DF978B11BA2B08A00D4B84D /* AFHTTPRequestOperation.m */ = {isa = PBXFileReference; fileEncoding = 4; lastKnownFileType = sourcecode.c.objc; path = AFHTTPRequestOperation.m; sourceTree = "<group>"; };
		7DF978B21BA2B08A00D4B84D /* AFHTTPRequestOperationManager.h */ = {isa = PBXFileReference; fileEncoding = 4; lastKnownFileType = sourcecode.c.h; path = AFHTTPRequestOperationManager.h; sourceTree = "<group>"; };
		7DF978B31BA2B08A00D4B84D /* AFHTTPRequestOperationManager.m */ = {isa = PBXFileReference; fileEncoding = 4; lastKnownFileType = sourcecode.c.objc; path = AFHTTPRequestOperationManager.m; sourceTree = "<group>"; };
		7DF978B41BA2B08A00D4B84D /* AFHTTPSessionManager.h */ = {isa = PBXFileReference; fileEncoding = 4; lastKnownFileType = sourcecode.c.h; path = AFHTTPSessionManager.h; sourceTree = "<group>"; };
		7DF978B51BA2B08A00D4B84D /* AFHTTPSessionManager.m */ = {isa = PBXFileReference; fileEncoding = 4; lastKnownFileType = sourcecode.c.objc; path = AFHTTPSessionManager.m; sourceTree = "<group>"; };
		7DF978B61BA2B08A00D4B84D /* AFNetworking.h */ = {isa = PBXFileReference; fileEncoding = 4; lastKnownFileType = sourcecode.c.h; path = AFNetworking.h; sourceTree = "<group>"; };
		7DF978B71BA2B08A00D4B84D /* AFNetworkReachabilityManager.h */ = {isa = PBXFileReference; fileEncoding = 4; lastKnownFileType = sourcecode.c.h; path = AFNetworkReachabilityManager.h; sourceTree = "<group>"; };
		7DF978B81BA2B08A00D4B84D /* AFNetworkReachabilityManager.m */ = {isa = PBXFileReference; fileEncoding = 4; lastKnownFileType = sourcecode.c.objc; path = AFNetworkReachabilityManager.m; sourceTree = "<group>"; };
		7DF978B91BA2B08A00D4B84D /* AFSecurityPolicy.h */ = {isa = PBXFileReference; fileEncoding = 4; lastKnownFileType = sourcecode.c.h; path = AFSecurityPolicy.h; sourceTree = "<group>"; };
		7DF978BA1BA2B08A00D4B84D /* AFSecurityPolicy.m */ = {isa = PBXFileReference; fileEncoding = 4; lastKnownFileType = sourcecode.c.objc; path = AFSecurityPolicy.m; sourceTree = "<group>"; };
		7DF978BB1BA2B08A00D4B84D /* AFURLConnectionOperation.h */ = {isa = PBXFileReference; fileEncoding = 4; lastKnownFileType = sourcecode.c.h; path = AFURLConnectionOperation.h; sourceTree = "<group>"; };
		7DF978BC1BA2B08A00D4B84D /* AFURLConnectionOperation.m */ = {isa = PBXFileReference; fileEncoding = 4; lastKnownFileType = sourcecode.c.objc; path = AFURLConnectionOperation.m; sourceTree = "<group>"; };
		7DF978BD1BA2B08A00D4B84D /* AFURLRequestSerialization.h */ = {isa = PBXFileReference; fileEncoding = 4; lastKnownFileType = sourcecode.c.h; path = AFURLRequestSerialization.h; sourceTree = "<group>"; };
		7DF978BE1BA2B08A00D4B84D /* AFURLRequestSerialization.m */ = {isa = PBXFileReference; fileEncoding = 4; lastKnownFileType = sourcecode.c.objc; path = AFURLRequestSerialization.m; sourceTree = "<group>"; };
		7DF978BF1BA2B08A00D4B84D /* AFURLResponseSerialization.h */ = {isa = PBXFileReference; fileEncoding = 4; lastKnownFileType = sourcecode.c.h; path = AFURLResponseSerialization.h; sourceTree = "<group>"; };
		7DF978C01BA2B08A00D4B84D /* AFURLResponseSerialization.m */ = {isa = PBXFileReference; fileEncoding = 4; lastKnownFileType = sourcecode.c.objc; path = AFURLResponseSerialization.m; sourceTree = "<group>"; };
		7DF978C11BA2B08A00D4B84D /* AFURLSessionManager.h */ = {isa = PBXFileReference; fileEncoding = 4; lastKnownFileType = sourcecode.c.h; path = AFURLSessionManager.h; sourceTree = "<group>"; };
		7DF978C21BA2B08A00D4B84D /* AFURLSessionManager.m */ = {isa = PBXFileReference; fileEncoding = 4; lastKnownFileType = sourcecode.c.objc; path = AFURLSessionManager.m; sourceTree = "<group>"; };
		7DF978CC1BA2B0AD00D4B84D /* Reachability.h */ = {isa = PBXFileReference; fileEncoding = 4; lastKnownFileType = sourcecode.c.h; path = Reachability.h; sourceTree = "<group>"; };
		7DF978CD1BA2B0AD00D4B84D /* Reachability.m */ = {isa = PBXFileReference; fileEncoding = 4; lastKnownFileType = sourcecode.c.objc; path = Reachability.m; sourceTree = "<group>"; };
/* End PBXFileReference section */

/* Begin PBXFrameworksBuildPhase section */
		7DC718D71B855B090068253C /* Frameworks */ = {
			isa = PBXFrameworksBuildPhase;
			buildActionMask = 2147483647;
			files = (
				7DEF2A471BD4C668007D4BE2 /* CoreAudio.framework in Frameworks */,
				7DEF2A451BD4C4EB007D4BE2 /* AVFoundation.framework in Frameworks */,
				7DC7C58E1BCE789800677469 /* libsqlite3.tbd in Frameworks */,
			);
			runOnlyForDeploymentPostprocessing = 0;
		};
		7DC718F31B855B090068253C /* Frameworks */ = {
			isa = PBXFrameworksBuildPhase;
			buildActionMask = 2147483647;
			files = (
			);
			runOnlyForDeploymentPostprocessing = 0;
		};
/* End PBXFrameworksBuildPhase section */

/* Begin PBXGroup section */
		7D28DAF41BA15C1100EED6A8 /* FeedBack */ = {
			isa = PBXGroup;
			children = (
				7D8E73B21BD5E5FA00648A4E /* voice.jpg */,
				7DE42F791BDF5C2600EA4DE8 /* record.jpg */,
				7D28DAF51BA15C3400EED6A8 /* FeedBackViewController.h */,
				7D28DAF61BA15C3400EED6A8 /* FeedBackViewController.m */,
				7D28DAF71BA15C3400EED6A8 /* FeedBackViewController.xib */,
				7D8AA3B41BAD93F9002E265C /* FeedBackDetialViewController.h */,
				7D8AA3B51BAD93F9002E265C /* FeedBackDetialViewController.m */,
				7D8AA3B61BAD93F9002E265C /* FeedBackDetialViewController.xib */,
				7D8AA3AA1BAD8A60002E265C /* FeedBackListViewController.h */,
				7D8AA3AB1BAD8A60002E265C /* FeedBackListViewController.m */,
				7D8AA3AC1BAD8A60002E265C /* FeedBackListViewController.xib */,
			);
			name = FeedBack;
			sourceTree = "<group>";
		};
		7D2F95DE1B8B0CA600A8CE8A /* Login */ = {
			isa = PBXGroup;
			children = (
				7DA8D6291BEB35FA00B35E8B /* select.png */,
				7DA8D6271BEB35EF00B35E8B /* notSelect.png */,
				7D2F95DF1B8B0CBF00A8CE8A /* LoginViewController.h */,
				7D2F95E01B8B0CBF00A8CE8A /* LoginViewController.m */,
				7D2F95E11B8B0CBF00A8CE8A /* LoginViewController.xib */,
				7DD89E161B9D69BC00037C75 /* TableViewCell1.h */,
				7DD89E171B9D69BC00037C75 /* TableViewCell1.m */,
				7DD89E181B9D69BC00037C75 /* TableViewCell1.xib */,
				7D85727E1B9E8B5A00A33803 /* TableViewCell2.h */,
				7D85727F1B9E8B5A00A33803 /* TableViewCell2.m */,
				7D8572801B9E8B5A00A33803 /* TableViewCell2.xib */,
				7DD89E111B9D338500037C75 /* RegisterViewController.h */,
				7DD89E121B9D338500037C75 /* RegisterViewController.m */,
				7DD89E131B9D338500037C75 /* RegisterViewController.xib */,
				7D28DAEF1BA0153400EED6A8 /* ModifyViewController.h */,
				7D28DAF01BA0153400EED6A8 /* ModifyViewController.m */,
				7D28DAF11BA0153400EED6A8 /* ModifyViewController.xib */,
				7D93E9F81BABF2C200750FEB /* UpdatePasswdViewController.h */,
				7D93E9F91BABF2C200750FEB /* UpdatePasswdViewController.m */,
				7D93E9FA1BABF2C200750FEB /* UpdatePasswdViewController.xib */,
			);
			name = Login;
			sourceTree = "<group>";
		};
		7DC718D11B855B090068253C = {
			isa = PBXGroup;
			children = (
				7DEF2A461BD4C668007D4BE2 /* CoreAudio.framework */,
				7DEF2A441BD4C4EB007D4BE2 /* AVFoundation.framework */,
				7DC7C58D1BCE789800677469 /* libsqlite3.tbd */,
				7DC719071B855B580068253C /* MotionMeasurementClass */,
				7DC718DC1B855B090068253C /* MotionMeasurement */,
				7DC718F91B855B090068253C /* MotionMeasurementTests */,
				7DC718DB1B855B090068253C /* Products */,
			);
			sourceTree = "<group>";
		};
		7DC718DB1B855B090068253C /* Products */ = {
			isa = PBXGroup;
			children = (
				7DC718DA1B855B090068253C /* MotionMeasurement.app */,
				7DC718F61B855B090068253C /* MotionMeasurementTests.xctest */,
			);
			name = Products;
			sourceTree = "<group>";
		};
		7DC718DC1B855B090068253C /* MotionMeasurement */ = {
			isa = PBXGroup;
			children = (
				7DC7F8941BCCE9F600D02D6F /* MotionMeasurement.entitlements */,
				7DC718E11B855B090068253C /* AppDelegate.h */,
				7DC718E21B855B090068253C /* AppDelegate.m */,
				7DC718ED1B855B090068253C /* Images.xcassets */,
				7DC718EF1B855B090068253C /* LaunchScreen.xib */,
				7DC718E41B855B090068253C /* MotionMeasurement.xcdatamodeld */,
				7DC718DD1B855B090068253C /* Supporting Files */,
			);
			path = MotionMeasurement;
			sourceTree = "<group>";
		};
		7DC718DD1B855B090068253C /* Supporting Files */ = {
			isa = PBXGroup;
			children = (
				7DC718DE1B855B090068253C /* Info.plist */,
				7DC718DF1B855B090068253C /* main.m */,
			);
			name = "Supporting Files";
			sourceTree = "<group>";
		};
		7DC718F91B855B090068253C /* MotionMeasurementTests */ = {
			isa = PBXGroup;
			children = (
				7DC718FC1B855B090068253C /* MotionMeasurementTests.m */,
				7DC718FA1B855B090068253C /* Supporting Files */,
			);
			path = MotionMeasurementTests;
			sourceTree = "<group>";
		};
		7DC718FA1B855B090068253C /* Supporting Files */ = {
			isa = PBXGroup;
			children = (
				7DC718FB1B855B090068253C /* Info.plist */,
			);
			name = "Supporting Files";
			sourceTree = "<group>";
		};
		7DC719071B855B580068253C /* MotionMeasurementClass */ = {
			isa = PBXGroup;
			children = (
				7D28DAF41BA15C1100EED6A8 /* FeedBack */,
				7D2F95DE1B8B0CA600A8CE8A /* Login */,
				7DC7191C1B855E500068253C /* MainNavigation */,
				7DC7191B1B855BED0068253C /* Tools */,
				7DC7191A1B855BC60068253C /* HomePage */,
			);
			name = MotionMeasurementClass;
			sourceTree = "<group>";
		};
		7DC7191A1B855BC60068253C /* HomePage */ = {
			isa = PBXGroup;
			children = (
				7D3279DC1BC8F0AF00F91566 /* police.png */,
				7DA8D6251BEAF93100B35E8B /* police1.png */,
				7DC7190D1B855B950068253C /* mainView.h */,
				7DC7190E1B855B950068253C /* mainView.m */,
				7D357C2F1B87181C001024A4 /* HomePageTableViewCell.h */,
				7D357C301B87181C001024A4 /* HomePageTableViewCell.m */,
				7D357C311B87181C001024A4 /* HomePageTableViewCell.xib */,
				7D39818D1BC003E70017806B /* DaylyDataViewController.h */,
				7D39818E1BC003E70017806B /* DaylyDataViewController.m */,
				7D39818F1BC003E70017806B /* DaylyDataViewController.xib */,
				7DC7192B1B85680B0068253C /* HomeViewController.h */,
				7DC7192C1B85680B0068253C /* HomeViewController.m */,
				7DC7192D1B85680B0068253C /* HomeViewController.xib */,
			);
			name = HomePage;
			sourceTree = "<group>";
		};
		7DC7191B1B855BED0068253C /* Tools */ = {
			isa = PBXGroup;
			children = (
				7DCD389D1BF342C300E979C7 /* XphotoViewController */,
				7DCD38A21BF342C300E979C7 /* SelectAndShowXphotoCommon */,
				7DC7C6071BD0A10B00677469 /* MultipleChoicePictures */,
				7DC7C57C1BCE77C600677469 /* SQL */,
				7DF978AF1BA2B08A00D4B84D /* AFNetworking */,
				7D8572831B9EAEC100A33803 /* UserUtil.h */,
				7D8572841B9EAEC100A33803 /* UserUtil.m */,
				7DD4B8B61BAEF7EE00947974 /* EveryDataUtil.h */,
				7DD4B8B71BAEF7EE00947974 /* EveryDataUtil.m */,
				7DC719081B855B950068253C /* CoreDataManager.h */,
				7DC719091B855B950068253C /* CoreDataManager.m */,
				7DD872C41BA3190C001323BC /* BlueToothTableViewCell.h */,
				7DD872C51BA3190C001323BC /* BlueToothTableViewCell.m */,
				7DD872C61BA3190C001323BC /* BlueToothTableViewCell.xib */,
				7DC719151B855BA90068253C /* BlueToothSetViewController.h */,
				7DC719161B855BA90068253C /* BlueToothSetViewController.m */,
				7DC719171B855BA90068253C /* BlueToothSetViewController.xib */,
				7DAA2AC21B9BE4460017CD12 /* RequestUtil.h */,
				7DAA2AC31B9BE4460017CD12 /* RequestUtil.m */,
				7D28DAFA1BA2A3DB00EED6A8 /* BlueToothUtil.h */,
				7D28DAFB1BA2A3DB00EED6A8 /* BlueToothUtil.m */,
				7DC7C58F1BCE78CB00677469 /* SqlRequestUtil.h */,
				7DC7C5901BCE78CB00677469 /* SqlRequestUtil.m */,
			);
			name = Tools;
			sourceTree = "<group>";
		};
		7DC7191C1B855E500068253C /* MainNavigation */ = {
			isa = PBXGroup;
			children = (
				7DC719201B85618E0068253C /* LeftViewController.h */,
				7DC719211B85618E0068253C /* LeftViewController.m */,
				7DD5CFFE1BCA3C23009ED0FB /* left.png */,
				7DC719221B85618E0068253C /* RightViewController.h */,
				7DC719231B85618E0068253C /* RightViewController.m */,
				7D357C341B872299001024A4 /* RIghtViewController.xib */,
				7DC7191D1B855E810068253C /* SliderViewController.h */,
				7DC7191E1B855E810068253C /* SliderViewController.m */,
			);
			name = MainNavigation;
			sourceTree = "<group>";
		};
		7DC7C57C1BCE77C600677469 /* SQL */ = {
			isa = PBXGroup;
			children = (
				7DC7C57D1BCE77E500677469 /* FMDB.h */,
				7DC7C57E1BCE77E500677469 /* FMDatabase.h */,
				7DC7C57F1BCE77E500677469 /* FMDatabase.m */,
				7DC7C5801BCE77E500677469 /* FMDatabaseAdditions.h */,
				7DC7C5811BCE77E500677469 /* FMDatabaseAdditions.m */,
				7DC7C5821BCE77E500677469 /* FMDatabasePool.h */,
				7DC7C5831BCE77E500677469 /* FMDatabasePool.m */,
				7DC7C5841BCE77E500677469 /* FMDatabaseQueue.h */,
				7DC7C5851BCE77E500677469 /* FMDatabaseQueue.m */,
				7DC7C5861BCE77E500677469 /* FMResultSet.h */,
				7DC7C5871BCE77E500677469 /* FMResultSet.m */,
			);
			name = SQL;
			sourceTree = "<group>";
		};
		7DC7C6071BD0A10B00677469 /* MultipleChoicePictures */ = {
			isa = PBXGroup;
			children = (
				7DC7C6711BD0A2A500677469 /* AECAbstractViewController.h */,
				7DC7C6721BD0A2A500677469 /* AECAbstractViewController.m */,
				7DC7C63C1BD0A12D00677469 /* SDWebImage */,
				7DC7C6081BD0A10B00677469 /* AssetsLibrary */,
				7DC7C6751BD0A45200677469 /* AssetConfig.h */,
				7DC7C6681BD0A20700677469 /* UIImage+ImageEffects.h */,
				7DC7C6691BD0A20700677469 /* UIImage+ImageEffects.m */,
				7DC7C66A1BD0A20700677469 /* UIImage+Scaling.h */,
				7DC7C66B1BD0A20700677469 /* UIImage+Scaling.m */,
				7DC7C6151BD0A10B00677469 /* HUDCustomView.h */,
				7DC7C6161BD0A10B00677469 /* HUDCustomView.m */,
				7DC7C6171BD0A10B00677469 /* NetHttpActivity.h */,
				7DC7C6181BD0A10B00677469 /* NetHttpActivity.m */,
				7DC7C6191BD0A10B00677469 /* QSAssetCommonRowCell.h */,
				7DC7C61A1BD0A10B00677469 /* QSAssetCommonRowCell.m */,
				7DC7C61B1BD0A10B00677469 /* QSAssetLibraryViewController.h */,
				7DC7C61C1BD0A10B00677469 /* QSAssetLibraryViewController.m */,
				7DC7C61D1BD0A10B00677469 /* QSAssetLibraSelectPhotoViewController.h */,
				7DC7C61E1BD0A10B00677469 /* QSAssetLibraSelectPhotoViewController.m */,
				7DC7C61F1BD0A10B00677469 /* QSImageCropViewController.h */,
				7DC7C6201BD0A10B00677469 /* QSImageCropViewController.m */,
				7DC7C6211BD0A10B00677469 /* UIColor+extended.h */,
				7DC7C6221BD0A10B00677469 /* UIColor+extended.m */,
				7DC7C6231BD0A10B00677469 /* UIImage+RenderedImage.h */,
				7DC7C6241BD0A10B00677469 /* UIImage+RenderedImage.m */,
			);
			path = MultipleChoicePictures;
			sourceTree = "<group>";
		};
		7DC7C6081BD0A10B00677469 /* AssetsLibrary */ = {
			isa = PBXGroup;
			children = (
				7DC7C6091BD0A10B00677469 /* photoMaskHigh.png */,
				7DC7C60A1BD0A10B00677469 /* photoMaskHigh@2x.png */,
				7DC7C60B1BD0A10B00677469 /* photoMaskNormal.png */,
				7DC7C60C1BD0A10B00677469 /* photoMaskNormal@2x.png */,
				7DC7C60D1BD0A10B00677469 /* selectPhoto.png */,
				7DC7C60E1BD0A10B00677469 /* selectPhoto@2x.png */,
				7DC7C60F1BD0A10B00677469 /* singleSelect.png */,
				7DC7C6101BD0A10B00677469 /* singleSelect@2x.png */,
				7DC7C6111BD0A10B00677469 /* takePhotoHigh@2x.png */,
				7DC7C6121BD0A10B00677469 /* takePhotoNormal@2x.png */,
				7DC7C6131BD0A10B00677469 /* unSelectPhoto.png */,
				7DC7C6141BD0A10B00677469 /* unSelectPhoto@2x.png */,
			);
			path = AssetsLibrary;
			sourceTree = "<group>";
		};
		7DC7C63C1BD0A12D00677469 /* SDWebImage */ = {
			isa = PBXGroup;
			children = (
				7DC7C63D1BD0A12D00677469 /* NSData+ImageContentType.h */,
				7DC7C63E1BD0A12D00677469 /* NSData+ImageContentType.m */,
				7DC7C63F1BD0A12D00677469 /* SDImageCache.h */,
				7DC7C6401BD0A12D00677469 /* SDImageCache.m */,
				7DC7C6411BD0A12D00677469 /* SDWebImageCompat.h */,
				7DC7C6421BD0A12D00677469 /* SDWebImageCompat.m */,
				7DC7C6431BD0A12D00677469 /* SDWebImageDecoder.h */,
				7DC7C6441BD0A12D00677469 /* SDWebImageDecoder.m */,
				7DC7C6451BD0A12D00677469 /* SDWebImageDownloader.h */,
				7DC7C6461BD0A12D00677469 /* SDWebImageDownloader.m */,
				7DC7C6471BD0A12D00677469 /* SDWebImageDownloaderOperation.h */,
				7DC7C6481BD0A12D00677469 /* SDWebImageDownloaderOperation.m */,
				7DC7C6491BD0A12D00677469 /* SDWebImageManager.h */,
				7DC7C64A1BD0A12D00677469 /* SDWebImageManager.m */,
				7DC7C64B1BD0A12D00677469 /* SDWebImageOperation.h */,
				7DC7C64C1BD0A12D00677469 /* SDWebImagePrefetcher.h */,
				7DC7C64D1BD0A12D00677469 /* SDWebImagePrefetcher.m */,
				7DC7C64E1BD0A12D00677469 /* UIButton+WebCache.h */,
				7DC7C64F1BD0A12D00677469 /* UIButton+WebCache.m */,
				7DC7C6501BD0A12D00677469 /* UIImage+GIF.h */,
				7DC7C6511BD0A12D00677469 /* UIImage+GIF.m */,
				7DC7C6521BD0A12D00677469 /* UIImage+MultiFormat.h */,
				7DC7C6531BD0A12D00677469 /* UIImage+MultiFormat.m */,
				7DC7C6541BD0A12D00677469 /* UIImageView+HighlightedWebCache.h */,
				7DC7C6551BD0A12D00677469 /* UIImageView+HighlightedWebCache.m */,
				7DC7C6561BD0A12D00677469 /* UIImageView+WebCache.h */,
				7DC7C6571BD0A12D00677469 /* UIImageView+WebCache.m */,
				7DC7C6581BD0A12D00677469 /* UIView+WebCacheOperation.h */,
				7DC7C6591BD0A12D00677469 /* UIView+WebCacheOperation.m */,
			);
			path = SDWebImage;
			sourceTree = "<group>";
		};
		7DCD389D1BF342C300E979C7 /* XphotoViewController */ = {
			isa = PBXGroup;
			children = (
				7DCD38A01BF342C300E979C7 /* xPhotoViewController.h */,
				7DCD38A11BF342C300E979C7 /* xPhotoViewController.m */,
			);
			path = XphotoViewController;
			sourceTree = "<group>";
		};
		7DCD38A21BF342C300E979C7 /* SelectAndShowXphotoCommon */ = {
			isa = PBXGroup;
			children = (
				7DCD38A31BF342C300E979C7 /* delete_photo.imageset */,
				7DCD38A71BF342C300E979C7 /* return-icon.imageset */,
				7DCD38AD1BF342C300E979C7 /* UIImage+Util.h */,
				7DCD38AE1BF342C300E979C7 /* UIImage+Util.m */,
				7DCD38AF1BF342C300E979C7 /* UIView+StringTag.h */,
				7DCD38B01BF342C300E979C7 /* UIView+StringTag.m */,
				7DCD38B11BF342C300E979C7 /* XPhotoView.h */,
				7DCD38B21BF342C300E979C7 /* XPhotoView.m */,
			);
			path = SelectAndShowXphotoCommon;
			sourceTree = "<group>";
		};
		7DCD38A31BF342C300E979C7 /* delete_photo.imageset */ = {
			isa = PBXGroup;
			children = (
				7DCD38A41BF342C300E979C7 /* Contents.json */,
				7DCD38A51BF342C300E979C7 /* delete_photo@2x.png */,
				7DCD38A61BF342C300E979C7 /* delete_photo@3x.png */,
			);
			path = delete_photo.imageset;
			sourceTree = "<group>";
		};
		7DCD38A71BF342C300E979C7 /* return-icon.imageset */ = {
			isa = PBXGroup;
			children = (
				7DCD38A81BF342C300E979C7 /* Contents.json */,
				7DCD38A91BF342C300E979C7 /* return-icon@2x.png */,
				7DCD38AA1BF342C300E979C7 /* return-icon@3x.png */,
			);
			path = "return-icon.imageset";
			sourceTree = "<group>";
		};
		7DF978AF1BA2B08A00D4B84D /* AFNetworking */ = {
			isa = PBXGroup;
			children = (
				7DD510FF1BBFFE35001B8370 /* MBProgressHUD.m */,
				7DD511001BBFFE35001B8370 /* MBProgressHUD.h */,
				7DD510FC1BBFFD56001B8370 /* MBProgressHUD+Util.h */,
				7DD510FD1BBFFD56001B8370 /* MBProgressHUD+Util.m */,
				7DF978CC1BA2B0AD00D4B84D /* Reachability.h */,
				7DF978CD1BA2B0AD00D4B84D /* Reachability.m */,
				7DF978B01BA2B08A00D4B84D /* AFHTTPRequestOperation.h */,
				7DF978B11BA2B08A00D4B84D /* AFHTTPRequestOperation.m */,
				7DF978B21BA2B08A00D4B84D /* AFHTTPRequestOperationManager.h */,
				7DF978B31BA2B08A00D4B84D /* AFHTTPRequestOperationManager.m */,
				7DF978B41BA2B08A00D4B84D /* AFHTTPSessionManager.h */,
				7DF978B51BA2B08A00D4B84D /* AFHTTPSessionManager.m */,
				7DF978B61BA2B08A00D4B84D /* AFNetworking.h */,
				7DF978B71BA2B08A00D4B84D /* AFNetworkReachabilityManager.h */,
				7DF978B81BA2B08A00D4B84D /* AFNetworkReachabilityManager.m */,
				7DF978B91BA2B08A00D4B84D /* AFSecurityPolicy.h */,
				7DF978BA1BA2B08A00D4B84D /* AFSecurityPolicy.m */,
				7DF978BB1BA2B08A00D4B84D /* AFURLConnectionOperation.h */,
				7DF978BC1BA2B08A00D4B84D /* AFURLConnectionOperation.m */,
				7DF978BD1BA2B08A00D4B84D /* AFURLRequestSerialization.h */,
				7DF978BE1BA2B08A00D4B84D /* AFURLRequestSerialization.m */,
				7DF978BF1BA2B08A00D4B84D /* AFURLResponseSerialization.h */,
				7DF978C01BA2B08A00D4B84D /* AFURLResponseSerialization.m */,
				7DF978C11BA2B08A00D4B84D /* AFURLSessionManager.h */,
				7DF978C21BA2B08A00D4B84D /* AFURLSessionManager.m */,
			);
			path = AFNetworking;
			sourceTree = "<group>";
		};
/* End PBXGroup section */

/* Begin PBXNativeTarget section */
		7DC718D91B855B090068253C /* MotionMeasurement */ = {
			isa = PBXNativeTarget;
			buildConfigurationList = 7DC719001B855B090068253C /* Build configuration list for PBXNativeTarget "MotionMeasurement" */;
			buildPhases = (
				7DC718D61B855B090068253C /* Sources */,
				7DC718D71B855B090068253C /* Frameworks */,
				7DC718D81B855B090068253C /* Resources */,
			);
			buildRules = (
			);
			dependencies = (
			);
			name = MotionMeasurement;
			productName = MotionMeasurement;
			productReference = 7DC718DA1B855B090068253C /* MotionMeasurement.app */;
			productType = "com.apple.product-type.application";
		};
		7DC718F51B855B090068253C /* MotionMeasurementTests */ = {
			isa = PBXNativeTarget;
			buildConfigurationList = 7DC719031B855B090068253C /* Build configuration list for PBXNativeTarget "MotionMeasurementTests" */;
			buildPhases = (
				7DC718F21B855B090068253C /* Sources */,
				7DC718F31B855B090068253C /* Frameworks */,
				7DC718F41B855B090068253C /* Resources */,
			);
			buildRules = (
			);
			dependencies = (
				7DC718F81B855B090068253C /* PBXTargetDependency */,
			);
			name = MotionMeasurementTests;
			productName = MotionMeasurementTests;
			productReference = 7DC718F61B855B090068253C /* MotionMeasurementTests.xctest */;
			productType = "com.apple.product-type.bundle.unit-test";
		};
/* End PBXNativeTarget section */

/* Begin PBXProject section */
		7DC718D21B855B090068253C /* Project object */ = {
			isa = PBXProject;
			attributes = {
				LastUpgradeCheck = 0700;
				ORGANIZATIONNAME = "@猪猪";
				TargetAttributes = {
					7DC718D91B855B090068253C = {
						CreatedOnToolsVersion = 6.4;
						DevelopmentTeam = 395Q23NHPD;
						SystemCapabilities = {
							com.apple.ApplicationGroups.iOS = {
								enabled = 0;
							};
							com.apple.BackgroundModes = {
								enabled = 1;
							};
							com.apple.Keychain = {
								enabled = 0;
							};
							com.apple.Maps.iOS = {
								enabled = 0;
							};
						};
					};
					7DC718F51B855B090068253C = {
						CreatedOnToolsVersion = 6.4;
						TestTargetID = 7DC718D91B855B090068253C;
					};
				};
			};
			buildConfigurationList = 7DC718D51B855B090068253C /* Build configuration list for PBXProject "MotionMeasurement" */;
			compatibilityVersion = "Xcode 3.2";
			developmentRegion = English;
			hasScannedForEncodings = 0;
			knownRegions = (
				en,
				Base,
			);
			mainGroup = 7DC718D11B855B090068253C;
			productRefGroup = 7DC718DB1B855B090068253C /* Products */;
			projectDirPath = "";
			projectRoot = "";
			targets = (
				7DC718D91B855B090068253C /* MotionMeasurement */,
				7DC718F51B855B090068253C /* MotionMeasurementTests */,
			);
		};
/* End PBXProject section */

/* Begin PBXResourcesBuildPhase section */
		7DC718D81B855B090068253C /* Resources */ = {
			isa = PBXResourcesBuildPhase;
			buildActionMask = 2147483647;
			files = (
				7DC7C62A1BD0A10B00677469 /* photoMaskNormal@2x.png in Resources */,
				7D8AA3AE1BAD8A60002E265C /* FeedBackListViewController.xib in Resources */,
				7DCD38B51BF342C300E979C7 /* Contents.json in Resources */,
				7DCD38B91BF342C300E979C7 /* return-icon@2x.png in Resources */,
				7DD872C81BA3190C001323BC /* BlueToothTableViewCell.xib in Resources */,
				7DA8D62A1BEB35FA00B35E8B /* select.png in Resources */,
				7DD89E151B9D338500037C75 /* RegisterViewController.xib in Resources */,
				7D3981911BC003E70017806B /* DaylyDataViewController.xib in Resources */,
				7DC7C6281BD0A10B00677469 /* photoMaskHigh@2x.png in Resources */,
				7D93E9FC1BABF2C200750FEB /* UpdatePasswdViewController.xib in Resources */,
				7DA8D6281BEB35EF00B35E8B /* notSelect.png in Resources */,
				7DCD38B61BF342C300E979C7 /* delete_photo@2x.png in Resources */,
				7D3279DD1BC8F0AF00F91566 /* police.png in Resources */,
				7DC719191B855BA90068253C /* BlueToothSetViewController.xib in Resources */,
				7D8E73B31BD5E5FA00648A4E /* voice.jpg in Resources */,
				7D8572821B9E8B5A00A33803 /* TableViewCell2.xib in Resources */,
				7DC7C6291BD0A10B00677469 /* photoMaskNormal.png in Resources */,
				7D28DAF31BA0153400EED6A8 /* ModifyViewController.xib in Resources */,
				7DC7C62F1BD0A10B00677469 /* takePhotoHigh@2x.png in Resources */,
				7DE42F7A1BDF5C2600EA4DE8 /* record.jpg in Resources */,
				7DCD38BA1BF342C300E979C7 /* return-icon@3x.png in Resources */,
				7DC7C62B1BD0A10B00677469 /* selectPhoto.png in Resources */,
				7DC7C6321BD0A10B00677469 /* unSelectPhoto@2x.png in Resources */,
				7DC718F11B855B090068253C /* LaunchScreen.xib in Resources */,
				7DC7C6311BD0A10B00677469 /* unSelectPhoto.png in Resources */,
				7DC7C6271BD0A10B00677469 /* photoMaskHigh.png in Resources */,
				7DC7C62D1BD0A10B00677469 /* singleSelect.png in Resources */,
				7DC718EE1B855B090068253C /* Images.xcassets in Resources */,
				7D357C351B872299001024A4 /* RIghtViewController.xib in Resources */,
				7DCD38B71BF342C300E979C7 /* delete_photo@3x.png in Resources */,
				7DC7C62C1BD0A10B00677469 /* selectPhoto@2x.png in Resources */,
				7DD5CFFF1BCA3C23009ED0FB /* left.png in Resources */,
				7D28DAF91BA15C3400EED6A8 /* FeedBackViewController.xib in Resources */,
				7DC7192F1B85680B0068253C /* HomeViewController.xib in Resources */,
				7DD89E1A1B9D69BC00037C75 /* TableViewCell1.xib in Resources */,
				7D357C331B87181C001024A4 /* HomePageTableViewCell.xib in Resources */,
				7DA8D6261BEAF93100B35E8B /* police1.png in Resources */,
				7DCD38B81BF342C300E979C7 /* Contents.json in Resources */,
				7DC7C62E1BD0A10B00677469 /* singleSelect@2x.png in Resources */,
				7DC7C6301BD0A10B00677469 /* takePhotoNormal@2x.png in Resources */,
				7D8AA3B81BAD93F9002E265C /* FeedBackDetialViewController.xib in Resources */,
				7D2F95E31B8B0CBF00A8CE8A /* LoginViewController.xib in Resources */,
			);
			runOnlyForDeploymentPostprocessing = 0;
		};
		7DC718F41B855B090068253C /* Resources */ = {
			isa = PBXResourcesBuildPhase;
			buildActionMask = 2147483647;
			files = (
			);
			runOnlyForDeploymentPostprocessing = 0;
		};
/* End PBXResourcesBuildPhase section */

/* Begin PBXSourcesBuildPhase section */
		7DC718D61B855B090068253C /* Sources */ = {
			isa = PBXSourcesBuildPhase;
			buildActionMask = 2147483647;
			files = (
				7DF978C81BA2B08A00D4B84D /* AFURLConnectionOperation.m in Sources */,
				7DC7C6361BD0A10B00677469 /* QSAssetLibraryViewController.m in Sources */,
				7DC7C58C1BCE77E500677469 /* FMResultSet.m in Sources */,
				7DC719241B85618E0068253C /* LeftViewController.m in Sources */,
				7DC7C65A1BD0A12D00677469 /* NSData+ImageContentType.m in Sources */,
				7DC719181B855BA90068253C /* BlueToothSetViewController.m in Sources */,
				7DF978C31BA2B08A00D4B84D /* AFHTTPRequestOperation.m in Sources */,
				7DF978CA1BA2B08A00D4B84D /* AFURLResponseSerialization.m in Sources */,
				7DC718E31B855B090068253C /* AppDelegate.m in Sources */,
				7DCD38BC1BF342C300E979C7 /* UIImage+Util.m in Sources */,
				7D357C321B87181C001024A4 /* HomePageTableViewCell.m in Sources */,
				7D28DAF21BA0153400EED6A8 /* ModifyViewController.m in Sources */,
				7DC7C6731BD0A2A500677469 /* AECAbstractViewController.m in Sources */,
				7DC7C6381BD0A10B00677469 /* QSImageCropViewController.m in Sources */,
				7DC718E61B855B090068253C /* MotionMeasurement.xcdatamodeld in Sources */,
				7D8572811B9E8B5A00A33803 /* TableViewCell2.m in Sources */,
				7DD89E191B9D69BC00037C75 /* TableViewCell1.m in Sources */,
				7DCD38BD1BF342C300E979C7 /* UIView+StringTag.m in Sources */,
				7DC7C65F1BD0A12D00677469 /* SDWebImageDownloaderOperation.m in Sources */,
				7DC7C66E1BD0A20700677469 /* UIImage+ImageEffects.m in Sources */,
				7DC7C6641BD0A12D00677469 /* UIImage+MultiFormat.m in Sources */,
				7DC7C6351BD0A10B00677469 /* QSAssetCommonRowCell.m in Sources */,
				7DF978C71BA2B08A00D4B84D /* AFSecurityPolicy.m in Sources */,
				7D93E9FB1BABF2C200750FEB /* UpdatePasswdViewController.m in Sources */,
				7DC7C6341BD0A10B00677469 /* NetHttpActivity.m in Sources */,
				7DF978CB1BA2B08A00D4B84D /* AFURLSessionManager.m in Sources */,
				7DD4B8B81BAEF7EE00947974 /* EveryDataUtil.m in Sources */,
				7DC7C5881BCE77E500677469 /* FMDatabase.m in Sources */,
				7DD89E141B9D338500037C75 /* RegisterViewController.m in Sources */,
				7DC7C58B1BCE77E500677469 /* FMDatabaseQueue.m in Sources */,
				7D3981901BC003E70017806B /* DaylyDataViewController.m in Sources */,
				7DAA2AC41B9BE4460017CD12 /* RequestUtil.m in Sources */,
				7DF978C51BA2B08A00D4B84D /* AFHTTPSessionManager.m in Sources */,
				7DC7C63A1BD0A10B00677469 /* UIImage+RenderedImage.m in Sources */,
				7DC7C65B1BD0A12D00677469 /* SDImageCache.m in Sources */,
				7DC7191F1B855E810068253C /* SliderViewController.m in Sources */,
				7DC7C65D1BD0A12D00677469 /* SDWebImageDecoder.m in Sources */,
				7DF978C61BA2B08A00D4B84D /* AFNetworkReachabilityManager.m in Sources */,
				7D8AA3AD1BAD8A60002E265C /* FeedBackListViewController.m in Sources */,
				7DC7C65C1BD0A12D00677469 /* SDWebImageCompat.m in Sources */,
				7DC719251B85618E0068253C /* RightViewController.m in Sources */,
				7DC7C6651BD0A12D00677469 /* UIImageView+HighlightedWebCache.m in Sources */,
				7DD511011BBFFE35001B8370 /* MBProgressHUD.m in Sources */,
				7DD510FE1BBFFD56001B8370 /* MBProgressHUD+Util.m in Sources */,
				7DF978C41BA2B08A00D4B84D /* AFHTTPRequestOperationManager.m in Sources */,
				7DC7C6671BD0A12D00677469 /* UIView+WebCacheOperation.m in Sources */,
				7DC7C6331BD0A10B00677469 /* HUDCustomView.m in Sources */,
				7DF978C91BA2B08A00D4B84D /* AFURLRequestSerialization.m in Sources */,
				7DC7C6661BD0A12D00677469 /* UIImageView+WebCache.m in Sources */,
				7D28DAF81BA15C3400EED6A8 /* FeedBackViewController.m in Sources */,
				7DC7C6621BD0A12D00677469 /* UIButton+WebCache.m in Sources */,
				7DC7192E1B85680B0068253C /* HomeViewController.m in Sources */,
				7DC7C66F1BD0A20700677469 /* UIImage+Scaling.m in Sources */,
				7DC7C6371BD0A10B00677469 /* QSAssetLibraSelectPhotoViewController.m in Sources */,
				7DC7C58A1BCE77E500677469 /* FMDatabasePool.m in Sources */,
				7D2F95E21B8B0CBF00A8CE8A /* LoginViewController.m in Sources */,
				7DD872C71BA3190C001323BC /* BlueToothTableViewCell.m in Sources */,
				7D8AA3B71BAD93F9002E265C /* FeedBackDetialViewController.m in Sources */,
				7DC7C6391BD0A10B00677469 /* UIColor+extended.m in Sources */,
				7DF978CE1BA2B0AD00D4B84D /* Reachability.m in Sources */,
				7DC7C65E1BD0A12D00677469 /* SDWebImageDownloader.m in Sources */,
				7DC719101B855B950068253C /* CoreDataManager.m in Sources */,
				7DC7C6631BD0A12D00677469 /* UIImage+GIF.m in Sources */,
				7DCD38BE1BF342C300E979C7 /* XPhotoView.m in Sources */,
				7D8572851B9EAEC100A33803 /* UserUtil.m in Sources */,
				7DC719131B855B950068253C /* mainView.m in Sources */,
				7DCD38B41BF342C300E979C7 /* xPhotoViewController.m in Sources */,
				7D28DAFC1BA2A3DB00EED6A8 /* BlueToothUtil.m in Sources */,
				7DC718E01B855B090068253C /* main.m in Sources */,
				7DC7C6601BD0A12D00677469 /* SDWebImageManager.m in Sources */,
				7DC7C5911BCE78CB00677469 /* SqlRequestUtil.m in Sources */,
				7DC7C5891BCE77E500677469 /* FMDatabaseAdditions.m in Sources */,
				7DC7C6611BD0A12D00677469 /* SDWebImagePrefetcher.m in Sources */,
			);
			runOnlyForDeploymentPostprocessing = 0;
		};
		7DC718F21B855B090068253C /* Sources */ = {
			isa = PBXSourcesBuildPhase;
			buildActionMask = 2147483647;
			files = (
				7DC718FD1B855B090068253C /* MotionMeasurementTests.m in Sources */,
			);
			runOnlyForDeploymentPostprocessing = 0;
		};
/* End PBXSourcesBuildPhase section */

/* Begin PBXTargetDependency section */
		7DC718F81B855B090068253C /* PBXTargetDependency */ = {
			isa = PBXTargetDependency;
			target = 7DC718D91B855B090068253C /* MotionMeasurement */;
			targetProxy = 7DC718F71B855B090068253C /* PBXContainerItemProxy */;
		};
/* End PBXTargetDependency section */

/* Begin PBXVariantGroup section */
		7DC718EF1B855B090068253C /* LaunchScreen.xib */ = {
			isa = PBXVariantGroup;
			children = (
				7DC718F01B855B090068253C /* Base */,
			);
			name = LaunchScreen.xib;
			sourceTree = "<group>";
		};
/* End PBXVariantGroup section */

/* Begin XCBuildConfiguration section */
		7DC718FE1B855B090068253C /* Debug */ = {
			isa = XCBuildConfiguration;
			buildSettings = {
				ALWAYS_SEARCH_USER_PATHS = NO;
				CLANG_CXX_LANGUAGE_STANDARD = "gnu++0x";
				CLANG_CXX_LIBRARY = "libc++";
				CLANG_ENABLE_MODULES = YES;
				CLANG_ENABLE_OBJC_ARC = YES;
				CLANG_WARN_BOOL_CONVERSION = YES;
				CLANG_WARN_CONSTANT_CONVERSION = YES;
				CLANG_WARN_DIRECT_OBJC_ISA_USAGE = YES_ERROR;
				CLANG_WARN_EMPTY_BODY = YES;
				CLANG_WARN_ENUM_CONVERSION = YES;
				CLANG_WARN_INT_CONVERSION = YES;
				CLANG_WARN_OBJC_ROOT_CLASS = YES_ERROR;
				CLANG_WARN_UNREACHABLE_CODE = YES;
				CLANG_WARN__DUPLICATE_METHOD_MATCH = YES;
				"CODE_SIGN_IDENTITY[sdk=iphoneos*]" = "iPhone Developer";
				COPY_PHASE_STRIP = NO;
				DEBUG_INFORMATION_FORMAT = "dwarf-with-dsym";
				ENABLE_STRICT_OBJC_MSGSEND = YES;
				ENABLE_TESTABILITY = YES;
				GCC_C_LANGUAGE_STANDARD = gnu99;
				GCC_DYNAMIC_NO_PIC = NO;
				GCC_NO_COMMON_BLOCKS = YES;
				GCC_OPTIMIZATION_LEVEL = 0;
				GCC_PREPROCESSOR_DEFINITIONS = (
					"DEBUG=1",
					"$(inherited)",
				);
				GCC_SYMBOLS_PRIVATE_EXTERN = NO;
				GCC_WARN_64_TO_32_BIT_CONVERSION = YES;
				GCC_WARN_ABOUT_RETURN_TYPE = YES_ERROR;
				GCC_WARN_UNDECLARED_SELECTOR = YES;
				GCC_WARN_UNINITIALIZED_AUTOS = YES_AGGRESSIVE;
				GCC_WARN_UNUSED_FUNCTION = YES;
				GCC_WARN_UNUSED_VARIABLE = YES;
				IPHONEOS_DEPLOYMENT_TARGET = 8.4;
				MTL_ENABLE_DEBUG_INFO = YES;
				ONLY_ACTIVE_ARCH = YES;
				SDKROOT = iphoneos;
			};
			name = Debug;
		};
		7DC718FF1B855B090068253C /* Release */ = {
			isa = XCBuildConfiguration;
			buildSettings = {
				ALWAYS_SEARCH_USER_PATHS = NO;
				CLANG_CXX_LANGUAGE_STANDARD = "gnu++0x";
				CLANG_CXX_LIBRARY = "libc++";
				CLANG_ENABLE_MODULES = YES;
				CLANG_ENABLE_OBJC_ARC = YES;
				CLANG_WARN_BOOL_CONVERSION = YES;
				CLANG_WARN_CONSTANT_CONVERSION = YES;
				CLANG_WARN_DIRECT_OBJC_ISA_USAGE = YES_ERROR;
				CLANG_WARN_EMPTY_BODY = YES;
				CLANG_WARN_ENUM_CONVERSION = YES;
				CLANG_WARN_INT_CONVERSION = YES;
				CLANG_WARN_OBJC_ROOT_CLASS = YES_ERROR;
				CLANG_WARN_UNREACHABLE_CODE = YES;
				CLANG_WARN__DUPLICATE_METHOD_MATCH = YES;
				"CODE_SIGN_IDENTITY[sdk=iphoneos*]" = "iPhone Developer";
				COPY_PHASE_STRIP = NO;
				DEBUG_INFORMATION_FORMAT = "dwarf-with-dsym";
				ENABLE_NS_ASSERTIONS = NO;
				ENABLE_STRICT_OBJC_MSGSEND = YES;
				GCC_C_LANGUAGE_STANDARD = gnu99;
				GCC_NO_COMMON_BLOCKS = YES;
				GCC_WARN_64_TO_32_BIT_CONVERSION = YES;
				GCC_WARN_ABOUT_RETURN_TYPE = YES_ERROR;
				GCC_WARN_UNDECLARED_SELECTOR = YES;
				GCC_WARN_UNINITIALIZED_AUTOS = YES_AGGRESSIVE;
				GCC_WARN_UNUSED_FUNCTION = YES;
				GCC_WARN_UNUSED_VARIABLE = YES;
				IPHONEOS_DEPLOYMENT_TARGET = 8.4;
				MTL_ENABLE_DEBUG_INFO = NO;
				SDKROOT = iphoneos;
				VALIDATE_PRODUCT = YES;
			};
			name = Release;
		};
		7DC719011B855B090068253C /* Debug */ = {
			isa = XCBuildConfiguration;
			buildSettings = {
				ASSETCATALOG_COMPILER_APPICON_NAME = AppIcon;
				CODE_SIGN_ENTITLEMENTS = MotionMeasurement/MotionMeasurement.entitlements;
				CODE_SIGN_IDENTITY = "iPhone Developer";
				"CODE_SIGN_IDENTITY[sdk=iphoneos*]" = "iPhone Developer";
				INFOPLIST_FILE = MotionMeasurement/Info.plist;
				IPHONEOS_DEPLOYMENT_TARGET = 8.0;
				LD_RUNPATH_SEARCH_PATHS = "$(inherited) @executable_path/Frameworks";
				ONLY_ACTIVE_ARCH = YES;
				PRODUCT_BUNDLE_IDENTIFIER = com.yidong2.MotionMeasurement;
				PRODUCT_NAME = "$(TARGET_NAME)";
				PROVISIONING_PROFILE = "";
				SDKROOT = iphoneos;
			};
			name = Debug;
		};
		7DC719021B855B090068253C /* Release */ = {
			isa = XCBuildConfiguration;
			buildSettings = {
				ASSETCATALOG_COMPILER_APPICON_NAME = AppIcon;
				CODE_SIGN_ENTITLEMENTS = MotionMeasurement/MotionMeasurement.entitlements;
				CODE_SIGN_IDENTITY = "iPhone Developer";
				"CODE_SIGN_IDENTITY[sdk=iphoneos*]" = "iPhone Developer";
				INFOPLIST_FILE = MotionMeasurement/Info.plist;
				IPHONEOS_DEPLOYMENT_TARGET = 8.0;
				LD_RUNPATH_SEARCH_PATHS = "$(inherited) @executable_path/Frameworks";
				ONLY_ACTIVE_ARCH = YES;
				PRODUCT_BUNDLE_IDENTIFIER = com.yidong2.MotionMeasurement;
				PRODUCT_NAME = "$(TARGET_NAME)";
				PROVISIONING_PROFILE = "";
				SDKROOT = iphoneos;
			};
			name = Release;
		};
		7DC719041B855B090068253C /* Debug */ = {
			isa = XCBuildConfiguration;
			buildSettings = {
				BUNDLE_LOADER = "$(TEST_HOST)";
				FRAMEWORK_SEARCH_PATHS = (
					"$(SDKROOT)/Developer/Library/Frameworks",
					"$(inherited)",
				);
				GCC_PREPROCESSOR_DEFINITIONS = (
					"DEBUG=1",
					"$(inherited)",
				);
				INFOPLIST_FILE = MotionMeasurementTests/Info.plist;
				LD_RUNPATH_SEARCH_PATHS = "$(inherited) @executable_path/Frameworks @loader_path/Frameworks";
				PRODUCT_BUNDLE_IDENTIFIER = "com.yidong.$(PRODUCT_NAME:rfc1034identifier)";
				PRODUCT_NAME = "$(TARGET_NAME)";
				TEST_HOST = "$(BUILT_PRODUCTS_DIR)/MotionMeasurement.app/MotionMeasurement";
			};
			name = Debug;
		};
		7DC719051B855B090068253C /* Release */ = {
			isa = XCBuildConfiguration;
			buildSettings = {
				BUNDLE_LOADER = "$(TEST_HOST)";
				FRAMEWORK_SEARCH_PATHS = (
					"$(SDKROOT)/Developer/Library/Frameworks",
					"$(inherited)",
				);
				INFOPLIST_FILE = MotionMeasurementTests/Info.plist;
				LD_RUNPATH_SEARCH_PATHS = "$(inherited) @executable_path/Frameworks @loader_path/Frameworks";
				PRODUCT_BUNDLE_IDENTIFIER = "com.yidong.$(PRODUCT_NAME:rfc1034identifier)";
				PRODUCT_NAME = "$(TARGET_NAME)";
				TEST_HOST = "$(BUILT_PRODUCTS_DIR)/MotionMeasurement.app/MotionMeasurement";
			};
			name = Release;
		};
/* End XCBuildConfiguration section */

/* Begin XCConfigurationList section */
		7DC718D51B855B090068253C /* Build configuration list for PBXProject "MotionMeasurement" */ = {
			isa = XCConfigurationList;
			buildConfigurations = (
				7DC718FE1B855B090068253C /* Debug */,
				7DC718FF1B855B090068253C /* Release */,
			);
			defaultConfigurationIsVisible = 0;
			defaultConfigurationName = Release;
		};
		7DC719001B855B090068253C /* Build configuration list for PBXNativeTarget "MotionMeasurement" */ = {
			isa = XCConfigurationList;
			buildConfigurations = (
				7DC719011B855B090068253C /* Debug */,
				7DC719021B855B090068253C /* Release */,
			);
			defaultConfigurationIsVisible = 0;
			defaultConfigurationName = Release;
		};
		7DC719031B855B090068253C /* Build configuration list for PBXNativeTarget "MotionMeasurementTests" */ = {
			isa = XCConfigurationList;
			buildConfigurations = (
				7DC719041B855B090068253C /* Debug */,
				7DC719051B855B090068253C /* Release */,
			);
			defaultConfigurationIsVisible = 0;
			defaultConfigurationName = Release;
		};
/* End XCConfigurationList section */

/* Begin XCVersionGroup section */
		7DC718E41B855B090068253C /* MotionMeasurement.xcdatamodeld */ = {
			isa = XCVersionGroup;
			children = (
				7DC718E51B855B090068253C /* MotionMeasurement.xcdatamodel */,
			);
			currentVersion = 7DC718E51B855B090068253C /* MotionMeasurement.xcdatamodel */;
			path = MotionMeasurement.xcdatamodeld;
			sourceTree = "<group>";
			versionGroupType = wrapper.xcdatamodel;
		};
/* End XCVersionGroup section */
	};
	rootObject = 7DC718D21B855B090068253C /* Project object */;
}
